// !$*UTF8*$!
{
	archiveVersion = 1;
	classes = {
	};
	objectVersion = 50;
	objects = {

/* Begin PBXBuildFile section */
		41C2096BDE2530ECA088F6D0 /* Pods_DMASDKV2.framework in Frameworks */ = {isa = PBXBuildFile; fileRef = DB333711B687309F1B33CB68 /* Pods_DMASDKV2.framework */; };
		F82A441223BDBDC70051407A /* DMASDKV2.h in Headers */ = {isa = PBXBuildFile; fileRef = F82A441023BDBDC70051407A /* DMASDKV2.h */; settings = {ATTRIBUTES = (Public, ); }; };
		F82A447B23BDBE370051407A /* PlatformContract.swift in Sources */ = {isa = PBXBuildFile; fileRef = F82A441B23BDBE370051407A /* PlatformContract.swift */; };
		F82A447C23BDBE370051407A /* ChargeActivityContract.swift in Sources */ = {isa = PBXBuildFile; fileRef = F82A441C23BDBE370051407A /* ChargeActivityContract.swift */; };
		F82A447D23BDBE370051407A /* PledgeActivityContract.swift in Sources */ = {isa = PBXBuildFile; fileRef = F82A441D23BDBE370051407A /* PledgeActivityContract.swift */; };
		F82A448623BDBE370051407A /* Exchange.json in Resources */ = {isa = PBXBuildFile; fileRef = F82A442B23BDBE370051407A /* Exchange.json */; };
		F82A448723BDBE370051407A /* DMAChargeActivityData.json in Resources */ = {isa = PBXBuildFile; fileRef = F82A442C23BDBE370051407A /* DMAChargeActivityData.json */; };
		F82A448A23BDBE370051407A /* ETHTransfer.json in Resources */ = {isa = PBXBuildFile; fileRef = F82A442F23BDBE370051407A /* ETHTransfer.json */; };
		F82A448B23BDBE370051407A /* DMAPlatform.json in Resources */ = {isa = PBXBuildFile; fileRef = F82A443023BDBE370051407A /* DMAPlatform.json */; };
		F82A448C23BDBE370051407A /* DMAPledgeActivity.json in Resources */ = {isa = PBXBuildFile; fileRef = F82A443123BDBE370051407A /* DMAPledgeActivity.json */; };
		F82A448D23BDBE370051407A /* DMAPlatformData.json in Resources */ = {isa = PBXBuildFile; fileRef = F82A443223BDBE370051407A /* DMAPlatformData.json */; };
		F82A448F23BDBE370051407A /* DMAChargeActivity.json in Resources */ = {isa = PBXBuildFile; fileRef = F82A443423BDBE370051407A /* DMAChargeActivity.json */; };
		F82A449023BDBE370051407A /* DMAPledgeActivityData.json in Resources */ = {isa = PBXBuildFile; fileRef = F82A443523BDBE370051407A /* DMAPledgeActivityData.json */; };
		F82A449123BDBE370051407A /* ExchangeData.json in Resources */ = {isa = PBXBuildFile; fileRef = F82A443623BDBE370051407A /* ExchangeData.json */; };
		F82A449E23BDBE370051407A /* RechargeStatus.swift in Sources */ = {isa = PBXBuildFile; fileRef = F82A444923BDBE370051407A /* RechargeStatus.swift */; };
		F82A449F23BDBE370051407A /* PaymentService.swift in Sources */ = {isa = PBXBuildFile; fileRef = F82A444A23BDBE370051407A /* PaymentService.swift */; };
		F82A44A023BDBE370051407A /* PayMethod.swift in Sources */ = {isa = PBXBuildFile; fileRef = F82A444B23BDBE370051407A /* PayMethod.swift */; };
		F82A44A123BDBE370051407A /* Exchange.swift in Sources */ = {isa = PBXBuildFile; fileRef = F82A444C23BDBE370051407A /* Exchange.swift */; };
		F82A44A223BDBE370051407A /* Direction.swift in Sources */ = {isa = PBXBuildFile; fileRef = F82A444D23BDBE370051407A /* Direction.swift */; };
		F82A44BC23BDBE370051407A /* ChargeActivityService.swift in Sources */ = {isa = PBXBuildFile; fileRef = F82A447723BDBE370051407A /* ChargeActivityService.swift */; };
		F82A44BD23BDBE370051407A /* MerchantService.swift in Sources */ = {isa = PBXBuildFile; fileRef = F82A447823BDBE370051407A /* MerchantService.swift */; };
		F82A44BE23BDBE370051407A /* PledgeActivityService.swift in Sources */ = {isa = PBXBuildFile; fileRef = F82A447923BDBE370051407A /* PledgeActivityService.swift */; };
		F82A4B2423BECDF60051407A /* DMASDKV1.framework in Frameworks */ = {isa = PBXBuildFile; fileRef = F82A4B2323BECDF60051407A /* DMASDKV1.framework */; };
/* End PBXBuildFile section */

/* Begin PBXFileReference section */
		1B685C1F1A3C1910F615511F /* Pods-DMASDKV2.debug.xcconfig */ = {isa = PBXFileReference; includeInIndex = 1; lastKnownFileType = text.xcconfig; name = "Pods-DMASDKV2.debug.xcconfig"; path = "Target Support Files/Pods-DMASDKV2/Pods-DMASDKV2.debug.xcconfig"; sourceTree = "<group>"; };
		77EC70799176C7890F6AAA21 /* Pods-DMASDKV2.release.xcconfig */ = {isa = PBXFileReference; includeInIndex = 1; lastKnownFileType = text.xcconfig; name = "Pods-DMASDKV2.release.xcconfig"; path = "Target Support Files/Pods-DMASDKV2/Pods-DMASDKV2.release.xcconfig"; sourceTree = "<group>"; };
		DB333711B687309F1B33CB68 /* Pods_DMASDKV2.framework */ = {isa = PBXFileReference; explicitFileType = wrapper.framework; includeInIndex = 0; path = Pods_DMASDKV2.framework; sourceTree = BUILT_PRODUCTS_DIR; };
		F82A440D23BDBDC70051407A /* DMASDKV2.framework */ = {isa = PBXFileReference; explicitFileType = wrapper.framework; includeInIndex = 0; path = DMASDKV2.framework; sourceTree = BUILT_PRODUCTS_DIR; };
		F82A441023BDBDC70051407A /* DMASDKV2.h */ = {isa = PBXFileReference; lastKnownFileType = sourcecode.c.h; path = DMASDKV2.h; sourceTree = "<group>"; };
		F82A441123BDBDC70051407A /* Info.plist */ = {isa = PBXFileReference; lastKnownFileType = text.plist.xml; path = Info.plist; sourceTree = "<group>"; };
		F82A441B23BDBE370051407A /* PlatformContract.swift */ = {isa = PBXFileReference; fileEncoding = 4; lastKnownFileType = sourcecode.swift; path = PlatformContract.swift; sourceTree = "<group>"; };
		F82A441C23BDBE370051407A /* ChargeActivityContract.swift */ = {isa = PBXFileReference; fileEncoding = 4; lastKnownFileType = sourcecode.swift; path = ChargeActivityContract.swift; sourceTree = "<group>"; };
		F82A441D23BDBE370051407A /* PledgeActivityContract.swift */ = {isa = PBXFileReference; fileEncoding = 4; lastKnownFileType = sourcecode.swift; path = PledgeActivityContract.swift; sourceTree = "<group>"; };
		F82A442B23BDBE370051407A /* Exchange.json */ = {isa = PBXFileReference; fileEncoding = 4; lastKnownFileType = text.json; path = Exchange.json; sourceTree = "<group>"; };
		F82A442C23BDBE370051407A /* DMAChargeActivityData.json */ = {isa = PBXFileReference; fileEncoding = 4; lastKnownFileType = text.json; path = DMAChargeActivityData.json; sourceTree = "<group>"; };
		F82A442F23BDBE370051407A /* ETHTransfer.json */ = {isa = PBXFileReference; fileEncoding = 4; lastKnownFileType = text.json; path = ETHTransfer.json; sourceTree = "<group>"; };
		F82A443023BDBE370051407A /* DMAPlatform.json */ = {isa = PBXFileReference; fileEncoding = 4; lastKnownFileType = text.json; path = DMAPlatform.json; sourceTree = "<group>"; };
		F82A443123BDBE370051407A /* DMAPledgeActivity.json */ = {isa = PBXFileReference; fileEncoding = 4; lastKnownFileType = text.json; path = DMAPledgeActivity.json; sourceTree = "<group>"; };
		F82A443223BDBE370051407A /* DMAPlatformData.json */ = {isa = PBXFileReference; fileEncoding = 4; lastKnownFileType = text.json; path = DMAPlatformData.json; sourceTree = "<group>"; };
		F82A443423BDBE370051407A /* DMAChargeActivity.json */ = {isa = PBXFileReference; fileEncoding = 4; lastKnownFileType = text.json; path = DMAChargeActivity.json; sourceTree = "<group>"; };
		F82A443523BDBE370051407A /* DMAPledgeActivityData.json */ = {isa = PBXFileReference; fileEncoding = 4; lastKnownFileType = text.json; path = DMAPledgeActivityData.json; sourceTree = "<group>"; };
		F82A443623BDBE370051407A /* ExchangeData.json */ = {isa = PBXFileReference; fileEncoding = 4; lastKnownFileType = text.json; path = ExchangeData.json; sourceTree = "<group>"; };
		F82A444923BDBE370051407A /* RechargeStatus.swift */ = {isa = PBXFileReference; fileEncoding = 4; lastKnownFileType = sourcecode.swift; path = RechargeStatus.swift; sourceTree = "<group>"; };
		F82A444A23BDBE370051407A /* PaymentService.swift */ = {isa = PBXFileReference; fileEncoding = 4; lastKnownFileType = sourcecode.swift; path = PaymentService.swift; sourceTree = "<group>"; };
		F82A444B23BDBE370051407A /* PayMethod.swift */ = {isa = PBXFileReference; fileEncoding = 4; lastKnownFileType = sourcecode.swift; path = PayMethod.swift; sourceTree = "<group>"; };
		F82A444C23BDBE370051407A /* Exchange.swift */ = {isa = PBXFileReference; fileEncoding = 4; lastKnownFileType = sourcecode.swift; path = Exchange.swift; sourceTree = "<group>"; };
		F82A444D23BDBE370051407A /* Direction.swift */ = {isa = PBXFileReference; fileEncoding = 4; lastKnownFileType = sourcecode.swift; path = Direction.swift; sourceTree = "<group>"; };
		F82A447723BDBE370051407A /* ChargeActivityService.swift */ = {isa = PBXFileReference; fileEncoding = 4; lastKnownFileType = sourcecode.swift; path = ChargeActivityService.swift; sourceTree = "<group>"; };
		F82A447823BDBE370051407A /* MerchantService.swift */ = {isa = PBXFileReference; fileEncoding = 4; lastKnownFileType = sourcecode.swift; path = MerchantService.swift; sourceTree = "<group>"; };
		F82A447923BDBE370051407A /* PledgeActivityService.swift */ = {isa = PBXFileReference; fileEncoding = 4; lastKnownFileType = sourcecode.swift; path = PledgeActivityService.swift; sourceTree = "<group>"; };
		F82A4B2323BECDF60051407A /* DMASDKV1.framework */ = {isa = PBXFileReference; lastKnownFileType = wrapper.framework; path = DMASDKV1.framework; sourceTree = "<group>"; };
/* End PBXFileReference section */

/* Begin PBXFrameworksBuildPhase section */
		F82A440A23BDBDC70051407A /* Frameworks */ = {
			isa = PBXFrameworksBuildPhase;
			buildActionMask = 2147483647;
			files = (
				41C2096BDE2530ECA088F6D0 /* Pods_DMASDKV2.framework in Frameworks */,
				F82A4B2423BECDF60051407A /* DMASDKV1.framework in Frameworks */,
			);
			runOnlyForDeploymentPostprocessing = 0;
		};
/* End PBXFrameworksBuildPhase section */

/* Begin PBXGroup section */
		D751D2FF0A90EF24060AAFD8 /* Pods */ = {
			isa = PBXGroup;
			children = (
				1B685C1F1A3C1910F615511F /* Pods-DMASDKV2.debug.xcconfig */,
				77EC70799176C7890F6AAA21 /* Pods-DMASDKV2.release.xcconfig */,
			);
			path = Pods;
			sourceTree = "<group>";
		};
		F82A440323BDBDC70051407A = {
			isa = PBXGroup;
			children = (
				F82A440F23BDBDC70051407A /* DMASDKV2 */,
				F82A440E23BDBDC70051407A /* Products */,
				F82A4A7923BDC05E0051407A /* Frameworks */,
				D751D2FF0A90EF24060AAFD8 /* Pods */,
			);
			sourceTree = "<group>";
		};
		F82A440E23BDBDC70051407A /* Products */ = {
			isa = PBXGroup;
			children = (
				F82A440D23BDBDC70051407A /* DMASDKV2.framework */,
			);
			name = Products;
			sourceTree = "<group>";
		};
		F82A440F23BDBDC70051407A /* DMASDKV2 */ = {
			isa = PBXGroup;
			children = (
				F82A4A4B23BDBFE70051407A /* FromeWork */,
				F82A441823BDBE370051407A /* Base */,
				F82A443E23BDBE370051407A /* Service */,
				F82A441023BDBDC70051407A /* DMASDKV2.h */,
				F82A441123BDBDC70051407A /* Info.plist */,
			);
			path = DMASDKV2;
			sourceTree = "<group>";
		};
		F82A441823BDBE370051407A /* Base */ = {
			isa = PBXGroup;
			children = (
				F82A441923BDBE370051407A /* exchange */,
				F82A442A23BDBE370051407A /* abi */,
			);
			path = Base;
			sourceTree = "<group>";
		};
		F82A441923BDBE370051407A /* exchange */ = {
			isa = PBXGroup;
			children = (
				F82A441B23BDBE370051407A /* PlatformContract.swift */,
				F82A441C23BDBE370051407A /* ChargeActivityContract.swift */,
				F82A441D23BDBE370051407A /* PledgeActivityContract.swift */,
			);
			path = exchange;
			sourceTree = "<group>";
		};
		F82A442A23BDBE370051407A /* abi */ = {
			isa = PBXGroup;
			children = (
				F82A442B23BDBE370051407A /* Exchange.json */,
				F82A442C23BDBE370051407A /* DMAChargeActivityData.json */,
				F82A442F23BDBE370051407A /* ETHTransfer.json */,
				F82A443023BDBE370051407A /* DMAPlatform.json */,
				F82A443123BDBE370051407A /* DMAPledgeActivity.json */,
				F82A443223BDBE370051407A /* DMAPlatformData.json */,
				F82A443423BDBE370051407A /* DMAChargeActivity.json */,
				F82A443523BDBE370051407A /* DMAPledgeActivityData.json */,
				F82A443623BDBE370051407A /* ExchangeData.json */,
			);
			path = abi;
			sourceTree = "<group>";
		};
		F82A443E23BDBE370051407A /* Service */ = {
			isa = PBXGroup;
			children = (
				F82A444823BDBE370051407A /* payment */,
				F82A447623BDBE370051407A /* merchant */,
			);
			path = Service;
			sourceTree = "<group>";
		};
		F82A444823BDBE370051407A /* payment */ = {
			isa = PBXGroup;
			children = (
				F82A444923BDBE370051407A /* RechargeStatus.swift */,
				F82A444A23BDBE370051407A /* PaymentService.swift */,
				F82A444B23BDBE370051407A /* PayMethod.swift */,
				F82A444C23BDBE370051407A /* Exchange.swift */,
				F82A444D23BDBE370051407A /* Direction.swift */,
			);
			path = payment;
			sourceTree = "<group>";
		};
		F82A447623BDBE370051407A /* merchant */ = {
			isa = PBXGroup;
			children = (
				F82A447723BDBE370051407A /* ChargeActivityService.swift */,
				F82A447823BDBE370051407A /* MerchantService.swift */,
				F82A447923BDBE370051407A /* PledgeActivityService.swift */,
			);
			path = merchant;
			sourceTree = "<group>";
		};
		F82A4A4B23BDBFE70051407A /* FromeWork */ = {
			isa = PBXGroup;
			children = (
				F82A4B2323BECDF60051407A /* DMASDKV1.framework */,
			);
			path = FromeWork;
			sourceTree = "<group>";
		};
		F82A4A7923BDC05E0051407A /* Frameworks */ = {
			isa = PBXGroup;
			children = (
				DB333711B687309F1B33CB68 /* Pods_DMASDKV2.framework */,
			);
			name = Frameworks;
			sourceTree = "<group>";
		};
/* End PBXGroup section */

/* Begin PBXHeadersBuildPhase section */
		F82A440823BDBDC70051407A /* Headers */ = {
			isa = PBXHeadersBuildPhase;
			buildActionMask = 2147483647;
			files = (
				F82A441223BDBDC70051407A /* DMASDKV2.h in Headers */,
			);
			runOnlyForDeploymentPostprocessing = 0;
		};
/* End PBXHeadersBuildPhase section */

/* Begin PBXNativeTarget section */
		F82A440C23BDBDC70051407A /* DMASDKV2 */ = {
			isa = PBXNativeTarget;
			buildConfigurationList = F82A441523BDBDC70051407A /* Build configuration list for PBXNativeTarget "DMASDKV2" */;
			buildPhases = (
				DD6F1F040AFAB04010C34151 /* [CP] Check Pods Manifest.lock */,
				F82A440823BDBDC70051407A /* Headers */,
				F82A440923BDBDC70051407A /* Sources */,
				F82A440A23BDBDC70051407A /* Frameworks */,
				F82A440B23BDBDC70051407A /* Resources */,
			);
			buildRules = (
			);
			dependencies = (
			);
			name = DMASDKV2;
			productName = DMASDKV2;
			productReference = F82A440D23BDBDC70051407A /* DMASDKV2.framework */;
			productType = "com.apple.product-type.framework";
		};
/* End PBXNativeTarget section */

/* Begin PBXProject section */
		F82A440423BDBDC70051407A /* Project object */ = {
			isa = PBXProject;
			attributes = {
				LastUpgradeCheck = 1020;
				ORGANIZATIONNAME = starrymedia;
				TargetAttributes = {
					F82A440C23BDBDC70051407A = {
						CreatedOnToolsVersion = 10.2.1;
					};
				};
			};
			buildConfigurationList = F82A440723BDBDC70051407A /* Build configuration list for PBXProject "DMASDKV2" */;
			compatibilityVersion = "Xcode 9.3";
			developmentRegion = en;
			hasScannedForEncodings = 0;
			knownRegions = (
				en,
			);
			mainGroup = F82A440323BDBDC70051407A;
			productRefGroup = F82A440E23BDBDC70051407A /* Products */;
			projectDirPath = "";
			projectRoot = "";
			targets = (
				F82A440C23BDBDC70051407A /* DMASDKV2 */,
			);
		};
/* End PBXProject section */

/* Begin PBXResourcesBuildPhase section */
		F82A440B23BDBDC70051407A /* Resources */ = {
			isa = PBXResourcesBuildPhase;
			buildActionMask = 2147483647;
			files = (
				F82A448A23BDBE370051407A /* ETHTransfer.json in Resources */,
				F82A449123BDBE370051407A /* ExchangeData.json in Resources */,
				F82A448F23BDBE370051407A /* DMAChargeActivity.json in Resources */,
				F82A449023BDBE370051407A /* DMAPledgeActivityData.json in Resources */,
				F82A448623BDBE370051407A /* Exchange.json in Resources */,
				F82A448723BDBE370051407A /* DMAChargeActivityData.json in Resources */,
				F82A448D23BDBE370051407A /* DMAPlatformData.json in Resources */,
				F82A448B23BDBE370051407A /* DMAPlatform.json in Resources */,
				F82A448C23BDBE370051407A /* DMAPledgeActivity.json in Resources */,
			);
			runOnlyForDeploymentPostprocessing = 0;
		};
/* End PBXResourcesBuildPhase section */

/* Begin PBXShellScriptBuildPhase section */
		DD6F1F040AFAB04010C34151 /* [CP] Check Pods Manifest.lock */ = {
			isa = PBXShellScriptBuildPhase;
			buildActionMask = 2147483647;
			files = (
			);
			inputFileListPaths = (
			);
			inputPaths = (
				"${PODS_PODFILE_DIR_PATH}/Podfile.lock",
				"${PODS_ROOT}/Manifest.lock",
			);
			name = "[CP] Check Pods Manifest.lock";
			outputFileListPaths = (
			);
			outputPaths = (
				"$(DERIVED_FILE_DIR)/Pods-DMASDKV2-checkManifestLockResult.txt",
			);
			runOnlyForDeploymentPostprocessing = 0;
			shellPath = /bin/sh;
			shellScript = "diff \"${PODS_PODFILE_DIR_PATH}/Podfile.lock\" \"${PODS_ROOT}/Manifest.lock\" > /dev/null\nif [ $? != 0 ] ; then\n    # print error to STDERR\n    echo \"error: The sandbox is not in sync with the Podfile.lock. Run 'pod install' or update your CocoaPods installation.\" >&2\n    exit 1\nfi\n# This output is used by Xcode 'outputs' to avoid re-running this script phase.\necho \"SUCCESS\" > \"${SCRIPT_OUTPUT_FILE_0}\"\n";
			showEnvVarsInLog = 0;
		};
/* End PBXShellScriptBuildPhase section */

/* Begin PBXSourcesBuildPhase section */
		F82A440923BDBDC70051407A /* Sources */ = {
			isa = PBXSourcesBuildPhase;
			buildActionMask = 2147483647;
			files = (
				F82A44A223BDBE370051407A /* Direction.swift in Sources */,
				F82A447B23BDBE370051407A /* PlatformContract.swift in Sources */,
				F82A44BD23BDBE370051407A /* MerchantService.swift in Sources */,
				F82A447C23BDBE370051407A /* ChargeActivityContract.swift in Sources */,
				F82A44A023BDBE370051407A /* PayMethod.swift in Sources */,
				F82A44BE23BDBE370051407A /* PledgeActivityService.swift in Sources */,
				F82A449E23BDBE370051407A /* RechargeStatus.swift in Sources */,
				F82A44BC23BDBE370051407A /* ChargeActivityService.swift in Sources */,
				F82A44A123BDBE370051407A /* Exchange.swift in Sources */,
				F82A447D23BDBE370051407A /* PledgeActivityContract.swift in Sources */,
				F82A449F23BDBE370051407A /* PaymentService.swift in Sources */,
			);
			runOnlyForDeploymentPostprocessing = 0;
		};
/* End PBXSourcesBuildPhase section */

/* Begin XCBuildConfiguration section */
		F82A441323BDBDC70051407A /* Debug */ = {
			isa = XCBuildConfiguration;
			buildSettings = {
				ALWAYS_SEARCH_USER_PATHS = NO;
				CLANG_ANALYZER_NONNULL = YES;
				CLANG_ANALYZER_NUMBER_OBJECT_CONVERSION = YES_AGGRESSIVE;
				CLANG_CXX_LANGUAGE_STANDARD = "gnu++14";
				CLANG_CXX_LIBRARY = "libc++";
				CLANG_ENABLE_MODULES = YES;
				CLANG_ENABLE_OBJC_ARC = YES;
				CLANG_ENABLE_OBJC_WEAK = YES;
				CLANG_WARN_BLOCK_CAPTURE_AUTORELEASING = YES;
				CLANG_WARN_BOOL_CONVERSION = YES;
				CLANG_WARN_COMMA = YES;
				CLANG_WARN_CONSTANT_CONVERSION = YES;
				CLANG_WARN_DEPRECATED_OBJC_IMPLEMENTATIONS = YES;
				CLANG_WARN_DIRECT_OBJC_ISA_USAGE = YES_ERROR;
				CLANG_WARN_DOCUMENTATION_COMMENTS = YES;
				CLANG_WARN_EMPTY_BODY = YES;
				CLANG_WARN_ENUM_CONVERSION = YES;
				CLANG_WARN_INFINITE_RECURSION = YES;
				CLANG_WARN_INT_CONVERSION = YES;
				CLANG_WARN_NON_LITERAL_NULL_CONVERSION = YES;
				CLANG_WARN_OBJC_IMPLICIT_RETAIN_SELF = YES;
				CLANG_WARN_OBJC_LITERAL_CONVERSION = YES;
				CLANG_WARN_OBJC_ROOT_CLASS = YES_ERROR;
				CLANG_WARN_RANGE_LOOP_ANALYSIS = YES;
				CLANG_WARN_STRICT_PROTOTYPES = YES;
				CLANG_WARN_SUSPICIOUS_MOVE = YES;
				CLANG_WARN_UNGUARDED_AVAILABILITY = YES_AGGRESSIVE;
				CLANG_WARN_UNREACHABLE_CODE = YES;
				CLANG_WARN__DUPLICATE_METHOD_MATCH = YES;
				CODE_SIGN_IDENTITY = "iPhone Developer";
				COPY_PHASE_STRIP = NO;
				CURRENT_PROJECT_VERSION = 1;
				DEBUG_INFORMATION_FORMAT = dwarf;
				ENABLE_STRICT_OBJC_MSGSEND = YES;
				ENABLE_TESTABILITY = YES;
				GCC_C_LANGUAGE_STANDARD = gnu11;
				GCC_DYNAMIC_NO_PIC = NO;
				GCC_NO_COMMON_BLOCKS = YES;
				GCC_OPTIMIZATION_LEVEL = 0;
				GCC_PREPROCESSOR_DEFINITIONS = (
					"DEBUG=1",
					"$(inherited)",
				);
				GCC_WARN_64_TO_32_BIT_CONVERSION = YES;
				GCC_WARN_ABOUT_RETURN_TYPE = YES_ERROR;
				GCC_WARN_UNDECLARED_SELECTOR = YES;
				GCC_WARN_UNINITIALIZED_AUTOS = YES_AGGRESSIVE;
				GCC_WARN_UNUSED_FUNCTION = YES;
				GCC_WARN_UNUSED_VARIABLE = YES;
				IPHONEOS_DEPLOYMENT_TARGET = 12.2;
				MTL_ENABLE_DEBUG_INFO = INCLUDE_SOURCE;
				MTL_FAST_MATH = YES;
				ONLY_ACTIVE_ARCH = YES;
				SDKROOT = iphoneos;
				SWIFT_ACTIVE_COMPILATION_CONDITIONS = DEBUG;
				SWIFT_OPTIMIZATION_LEVEL = "-Onone";
				VERSIONING_SYSTEM = "apple-generic";
				VERSION_INFO_PREFIX = "";
			};
			name = Debug;
		};
		F82A441423BDBDC70051407A /* Release */ = {
			isa = XCBuildConfiguration;
			buildSettings = {
				ALWAYS_SEARCH_USER_PATHS = NO;
				CLANG_ANALYZER_NONNULL = YES;
				CLANG_ANALYZER_NUMBER_OBJECT_CONVERSION = YES_AGGRESSIVE;
				CLANG_CXX_LANGUAGE_STANDARD = "gnu++14";
				CLANG_CXX_LIBRARY = "libc++";
				CLANG_ENABLE_MODULES = YES;
				CLANG_ENABLE_OBJC_ARC = YES;
				CLANG_ENABLE_OBJC_WEAK = YES;
				CLANG_WARN_BLOCK_CAPTURE_AUTORELEASING = YES;
				CLANG_WARN_BOOL_CONVERSION = YES;
				CLANG_WARN_COMMA = YES;
				CLANG_WARN_CONSTANT_CONVERSION = YES;
				CLANG_WARN_DEPRECATED_OBJC_IMPLEMENTATIONS = YES;
				CLANG_WARN_DIRECT_OBJC_ISA_USAGE = YES_ERROR;
				CLANG_WARN_DOCUMENTATION_COMMENTS = YES;
				CLANG_WARN_EMPTY_BODY = YES;
				CLANG_WARN_ENUM_CONVERSION = YES;
				CLANG_WARN_INFINITE_RECURSION = YES;
				CLANG_WARN_INT_CONVERSION = YES;
				CLANG_WARN_NON_LITERAL_NULL_CONVERSION = YES;
				CLANG_WARN_OBJC_IMPLICIT_RETAIN_SELF = YES;
				CLANG_WARN_OBJC_LITERAL_CONVERSION = YES;
				CLANG_WARN_OBJC_ROOT_CLASS = YES_ERROR;
				CLANG_WARN_RANGE_LOOP_ANALYSIS = YES;
				CLANG_WARN_STRICT_PROTOTYPES = YES;
				CLANG_WARN_SUSPICIOUS_MOVE = YES;
				CLANG_WARN_UNGUARDED_AVAILABILITY = YES_AGGRESSIVE;
				CLANG_WARN_UNREACHABLE_CODE = YES;
				CLANG_WARN__DUPLICATE_METHOD_MATCH = YES;
				CODE_SIGN_IDENTITY = "iPhone Developer";
				COPY_PHASE_STRIP = NO;
				CURRENT_PROJECT_VERSION = 1;
				DEBUG_INFORMATION_FORMAT = "dwarf-with-dsym";
				ENABLE_NS_ASSERTIONS = NO;
				ENABLE_STRICT_OBJC_MSGSEND = YES;
				GCC_C_LANGUAGE_STANDARD = gnu11;
				GCC_NO_COMMON_BLOCKS = YES;
				GCC_WARN_64_TO_32_BIT_CONVERSION = YES;
				GCC_WARN_ABOUT_RETURN_TYPE = YES_ERROR;
				GCC_WARN_UNDECLARED_SELECTOR = YES;
				GCC_WARN_UNINITIALIZED_AUTOS = YES_AGGRESSIVE;
				GCC_WARN_UNUSED_FUNCTION = YES;
				GCC_WARN_UNUSED_VARIABLE = YES;
				IPHONEOS_DEPLOYMENT_TARGET = 12.2;
				MTL_ENABLE_DEBUG_INFO = NO;
				MTL_FAST_MATH = YES;
				SDKROOT = iphoneos;
				SWIFT_COMPILATION_MODE = wholemodule;
				SWIFT_OPTIMIZATION_LEVEL = "-O";
				VALIDATE_PRODUCT = YES;
				VERSIONING_SYSTEM = "apple-generic";
				VERSION_INFO_PREFIX = "";
			};
			name = Release;
		};
		F82A441623BDBDC70051407A /* Debug */ = {
			isa = XCBuildConfiguration;
			baseConfigurationReference = 1B685C1F1A3C1910F615511F /* Pods-DMASDKV2.debug.xcconfig */;
			buildSettings = {
				CODE_SIGN_IDENTITY = "";
				CODE_SIGN_STYLE = Automatic;
				DEFINES_MODULE = YES;
				DEVELOPMENT_TEAM = 75EYP2YGJW;
				DYLIB_COMPATIBILITY_VERSION = 1;
				DYLIB_CURRENT_VERSION = 1;
				DYLIB_INSTALL_NAME_BASE = "@rpath";
				FRAMEWORK_SEARCH_PATHS = (
					"$(inherited)",
					"$(PROJECT_DIR)/lib/DMASDK/DMASDKV1/SDK",
					"$(PROJECT_DIR)/lib/DMASDK/Pods/ElastosCarrierSDK/ElastosCarrier-framework",
					"$(PROJECT_DIR)/DMASDKV2/FromeWork",
				);
				INFOPLIST_FILE = DMASDKV2/Info.plist;
				INSTALL_PATH = "$(LOCAL_LIBRARY_DIR)/Frameworks";
				IPHONEOS_DEPLOYMENT_TARGET = 12.0;
				LD_RUNPATH_SEARCH_PATHS = (
					"$(inherited)",
					"@executable_path/Frameworks",
					"@loader_path/Frameworks",
				);
				LIBRARY_SEARCH_PATHS = (
					"$(inherited)",
					"$(PROJECT_DIR)/lib/DMASDK/Carthage/Checkouts/SwiftGMP/GMPLib/iphoneos",
					"$(PROJECT_DIR)/lib/DMASDK/Carthage/Checkouts/SwiftGMP/GMPLib/macosx",
					"$(PROJECT_DIR)/lib/DMASDK/Carthage/Checkouts/SwiftGMP/GMPLib/iphonesimulator",
				);
				PRODUCT_BUNDLE_IDENTIFIER = starrymedia.DMASDKV2;
				PRODUCT_NAME = "$(TARGET_NAME:c99extidentifier)";
				SKIP_INSTALL = YES;
				SWIFT_VERSION = 5.0;
				TARGETED_DEVICE_FAMILY = "1,2";
			};
			name = Debug;
		};
		F82A441723BDBDC70051407A /* Release */ = {
			isa = XCBuildConfiguration;
			baseConfigurationReference = 77EC70799176C7890F6AAA21 /* Pods-DMASDKV2.release.xcconfig */;
			buildSettings = {
				CODE_SIGN_IDENTITY = "";
				CODE_SIGN_STYLE = Automatic;
				DEFINES_MODULE = YES;
				DEVELOPMENT_TEAM = 75EYP2YGJW;
				DYLIB_COMPATIBILITY_VERSION = 1;
				DYLIB_CURRENT_VERSION = 1;
				DYLIB_INSTALL_NAME_BASE = "@rpath";
				FRAMEWORK_SEARCH_PATHS = (
					"$(inherited)",
					"$(PROJECT_DIR)/lib/DMASDK/DMASDKV1/SDK",
					"$(PROJECT_DIR)/lib/DMASDK/Pods/ElastosCarrierSDK/ElastosCarrier-framework",
					"$(PROJECT_DIR)/DMASDKV2/FromeWork",
				);
				INFOPLIST_FILE = DMASDKV2/Info.plist;
				INSTALL_PATH = "$(LOCAL_LIBRARY_DIR)/Frameworks";
				IPHONEOS_DEPLOYMENT_TARGET = 12.0;
				LD_RUNPATH_SEARCH_PATHS = (
					"$(inherited)",
					"@executable_path/Frameworks",
					"@loader_path/Frameworks",
				);
				LIBRARY_SEARCH_PATHS = (
					"$(inherited)",
					"$(PROJECT_DIR)/lib/DMASDK/Carthage/Checkouts/SwiftGMP/GMPLib/iphoneos",
					"$(PROJECT_DIR)/lib/DMASDK/Carthage/Checkouts/SwiftGMP/GMPLib/macosx",
					"$(PROJECT_DIR)/lib/DMASDK/Carthage/Checkouts/SwiftGMP/GMPLib/iphonesimulator",
				);
				PRODUCT_BUNDLE_IDENTIFIER = starrymedia.DMASDKV2;
				PRODUCT_NAME = "$(TARGET_NAME:c99extidentifier)";
				SKIP_INSTALL = YES;
				SWIFT_VERSION = 5.0;
				TARGETED_DEVICE_FAMILY = "1,2";
			};
			name = Release;
		};
/* End XCBuildConfiguration section */

/* Begin XCConfigurationList section */
		F82A440723BDBDC70051407A /* Build configuration list for PBXProject "DMASDKV2" */ = {
			isa = XCConfigurationList;
			buildConfigurations = (
				F82A441323BDBDC70051407A /* Debug */,
				F82A441423BDBDC70051407A /* Release */,
			);
			defaultConfigurationIsVisible = 0;
			defaultConfigurationName = Release;
		};
		F82A441523BDBDC70051407A /* Build configuration list for PBXNativeTarget "DMASDKV2" */ = {
			isa = XCConfigurationList;
			buildConfigurations = (
				F82A441623BDBDC70051407A /* Debug */,
				F82A441723BDBDC70051407A /* Release */,
			);
			defaultConfigurationIsVisible = 0;
			defaultConfigurationName = Release;
		};
/* End XCConfigurationList section */
	};
	rootObject = F82A440423BDBDC70051407A /* Project object */;
}
