PODS:
  - Alamofire (4.8.2)
  - BigInt (3.1.0):
    - SipHash (~> 1.2)
  - CryptoSwift (0.15.0)
  - ElastosCarrierSDK (5.3.2)
  - HandyJSON (5.0.0)
  - PromiseKit (6.10.0):
    - PromiseKit/CorePromise (= 6.10.0)
    - PromiseKit/Foundation (= 6.10.0)
    - PromiseKit/UIKit (= 6.10.0)
  - PromiseKit/CorePromise (6.10.0)
  - PromiseKit/Foundation (6.10.0):
    - PromiseKit/CorePromise
  - PromiseKit/UIKit (6.10.0):
    - PromiseKit/CorePromise
  - Result (4.1.0)
  - scrypt (2.0):
    - CryptoSwift (~> 0.11)
  - secp256k1_swift (1.0.3)
  - SipHash (1.2.2)
  - SwiftRLP (1.0.1):
    - BigInt (~> 3.1)
  - web3swift (1.1.10):
    - BigInt (~> 3.1)
    - CryptoSwift (~> 0.11)
    - PromiseKit (~> 6.3)
    - Result (~> 4.0)
    - scrypt (~> 2.0)
    - secp256k1_swift (~> 1.0.3)
    - SwiftRLP (~> 1.0.1)

DEPENDENCIES:
  - Alamofire (~> 4.7)
  - ElastosCarrierSDK (~> 5.3.1)
  - HandyJSON (~> 5.0.0)
  - web3swift (~> 1.1.10)

SPEC REPOS:
  https://github.com/cocoapods/specs.git:
    - Alamofire
    - BigInt
    - CryptoSwift
    - ElastosCarrierSDK
    - HandyJSON
    - PromiseKit
    - Result
    - scrypt
    - secp256k1_swift
    - SipHash
    - SwiftRLP
    - web3swift

SPEC CHECKSUMS:
  Alamofire: ae5c501addb7afdbb13687d7f2f722c78734c2d3
  BigInt: 76b5dfdfa3e2e478d4ffdf161aeede5502e2742f
  CryptoSwift: 769f58a9e89f64e8796c2e59ce5f002dc81a2438
  ElastosCarrierSDK: 7adb827c3a68f9afb4916b1a9cb15bee60adb772
  HandyJSON: 992f2d661716d6a91de82d0056927bc7813b5770
  PromiseKit: 1fdaeb6c0a94a5114fcb814ff3d772b86886ad4e
  Result: bd966fac789cc6c1563440b348ab2598cc24d5c7
  scrypt: 3fe5b1a3b0976f97cd87488673a8f7c65708cc84
  secp256k1_swift: 4fc5c4b2d2c6d21ee8ccb868cdc92da12f38bed9
  SipHash: fad90a4683e420c52ef28063063dbbce248ea6d4
  SwiftRLP: 9de2c9512a9a6bf0909cd84cc143a7ff1aff7820
  web3swift: 843dd5295d2ae755e6f80e9e0bdabe2868a5c7d8

PODFILE CHECKSUM: 6249a45404f480c28595b16867fc03feb29ebca1

COCOAPODS: 1.5.3
