// !$*UTF8*$!
{
	archiveVersion = 1;
	classes = {
	};
	objectVersion = 50;
	objects = {

/* Begin PBXBuildFile section */
		0DF943739E816E6A25916D56 /* Pods_DMASDKV1.framework in Frameworks */ = {isa = PBXBuildFile; fileRef = 70A38906F026B6EDA704A972 /* Pods_DMASDKV1.framework */; };
		F8125C0D2314F50700B813DB /* DMASDKV1.h in Headers */ = {isa = PBXBuildFile; fileRef = F8125C0B2314F50700B813DB /* DMASDKV1.h */; settings = {ATTRIBUTES = (Public, ); }; };
		F8125C162314F5A800B813DB /* ElastosSdkKeypair.framework in Frameworks */ = {isa = PBXBuildFile; fileRef = F8125C142314F5A800B813DB /* ElastosSdkKeypair.framework */; };
		F8125C172314F5A800B813DB /* ElastosSdkWallet.framework in Frameworks */ = {isa = PBXBuildFile; fileRef = F8125C152314F5A800B813DB /* ElastosSdkWallet.framework */; };
		F8125D0723162C3200B813DB /* SwiftHex.framework in Frameworks */ = {isa = PBXBuildFile; fileRef = F8125D0023162C3100B813DB /* SwiftHex.framework */; };
		F8125D0823162C3200B813DB /* SwiftBase58.framework in Frameworks */ = {isa = PBXBuildFile; fileRef = F8125D0123162C3100B813DB /* SwiftBase58.framework */; };
		F8125D0923162C3200B813DB /* SwiftGMP.framework in Frameworks */ = {isa = PBXBuildFile; fileRef = F8125D0223162C3100B813DB /* SwiftGMP.framework */; };
		F8125D0A23162C3200B813DB /* SwiftIpfsApi.framework in Frameworks */ = {isa = PBXBuildFile; fileRef = F8125D0323162C3200B813DB /* SwiftIpfsApi.framework */; };
		F8125D0B23162C3200B813DB /* SwiftMultiaddr.framework in Frameworks */ = {isa = PBXBuildFile; fileRef = F8125D0423162C3200B813DB /* SwiftMultiaddr.framework */; };
		F8125D0C23162C3200B813DB /* SwiftMultihash.framework in Frameworks */ = {isa = PBXBuildFile; fileRef = F8125D0523162C3200B813DB /* SwiftMultihash.framework */; };
		F8125D0D23162C3200B813DB /* VarInt.framework in Frameworks */ = {isa = PBXBuildFile; fileRef = F8125D0623162C3200B813DB /* VarInt.framework */; };
		F82873FD235DC80000E4A086 /* TokenContract.swift in Sources */ = {isa = PBXBuildFile; fileRef = F8287394235DC80000E4A086 /* TokenContract.swift */; };
		F82873FE235DC80000E4A086 /* PlatformContract.swift in Sources */ = {isa = PBXBuildFile; fileRef = F8287395235DC80000E4A086 /* PlatformContract.swift */; };
		F82873FF235DC80000E4A086 /* ChargeActivityContract.swift in Sources */ = {isa = PBXBuildFile; fileRef = F8287396235DC80000E4A086 /* ChargeActivityContract.swift */; };
		F8287400235DC80000E4A086 /* PledgeActivityContract.swift in Sources */ = {isa = PBXBuildFile; fileRef = F8287397235DC80000E4A086 /* PledgeActivityContract.swift */; };
		F8287401235DC80000E4A086 /* AssetManagement.swift in Sources */ = {isa = PBXBuildFile; fileRef = F8287399235DC80000E4A086 /* AssetManagement.swift */; };
		F8287402235DC80000E4A086 /* DMACommon.swift in Sources */ = {isa = PBXBuildFile; fileRef = F828739B235DC80000E4A086 /* DMACommon.swift */; };
		F8287403235DC80000E4A086 /* String+Extension.swift in Sources */ = {isa = PBXBuildFile; fileRef = F828739C235DC80000E4A086 /* String+Extension.swift */; };
		F8287404235DC80000E4A086 /* Web3Util.swift in Sources */ = {isa = PBXBuildFile; fileRef = F828739D235DC80000E4A086 /* Web3Util.swift */; };
		F8287405235DC80000E4A086 /* DMAHttpUtil.swift in Sources */ = {isa = PBXBuildFile; fileRef = F828739E235DC80000E4A086 /* DMAHttpUtil.swift */; };
		F8287406235DC80000E4A086 /* DeployHelper.swift in Sources */ = {isa = PBXBuildFile; fileRef = F828739F235DC80000E4A086 /* DeployHelper.swift */; };
		F8287407235DC80000E4A086 /* ContractMethodHelper.swift in Sources */ = {isa = PBXBuildFile; fileRef = F82873A0235DC80000E4A086 /* ContractMethodHelper.swift */; };
		F8287408235DC80000E4A086 /* ElaDID.swift in Sources */ = {isa = PBXBuildFile; fileRef = F82873A2235DC80000E4A086 /* ElaDID.swift */; };
		F8287409235DC80000E4A086 /* IpfsStorage.swift in Sources */ = {isa = PBXBuildFile; fileRef = F82873A4235DC80000E4A086 /* IpfsStorage.swift */; };
		F828740A235DC80000E4A086 /* ETHChargeActivity.json in Resources */ = {isa = PBXBuildFile; fileRef = F82873A6235DC80000E4A086 /* ETHChargeActivity.json */; };
		F828740B235DC80000E4A086 /* ETHChargeActivityData.json in Resources */ = {isa = PBXBuildFile; fileRef = F82873A7235DC80000E4A086 /* ETHChargeActivityData.json */; };
		F828740C235DC80000E4A086 /* NFTokenDMA.json in Resources */ = {isa = PBXBuildFile; fileRef = F82873A8235DC80000E4A086 /* NFTokenDMA.json */; };
		F828740D235DC80000E4A086 /* ETHTransfer.json in Resources */ = {isa = PBXBuildFile; fileRef = F82873A9235DC80000E4A086 /* ETHTransfer.json */; };
		F828740E235DC80000E4A086 /* ETHPlatformData.json in Resources */ = {isa = PBXBuildFile; fileRef = F82873AA235DC80000E4A086 /* ETHPlatformData.json */; };
		F828740F235DC80000E4A086 /* ETHPlatform.json in Resources */ = {isa = PBXBuildFile; fileRef = F82873AB235DC80000E4A086 /* ETHPlatform.json */; };
		F8287410235DC80000E4A086 /* NFTokenETH.json in Resources */ = {isa = PBXBuildFile; fileRef = F82873AC235DC80000E4A086 /* NFTokenETH.json */; };
		F8287411235DC80000E4A086 /* ETHPledgeActivityData.json in Resources */ = {isa = PBXBuildFile; fileRef = F82873AD235DC80000E4A086 /* ETHPledgeActivityData.json */; };
		F8287412235DC80000E4A086 /* ETHPledgeActivity.json in Resources */ = {isa = PBXBuildFile; fileRef = F82873AE235DC80000E4A086 /* ETHPledgeActivity.json */; };
		F8287413235DC80000E4A086 /* NFTokenETHData.json in Resources */ = {isa = PBXBuildFile; fileRef = F82873AF235DC80000E4A086 /* NFTokenETHData.json */; };
		F8287414235DC80000E4A086 /* EthWallet.swift in Sources */ = {isa = PBXBuildFile; fileRef = F82873B1235DC80000E4A086 /* EthWallet.swift */; };
		F8287415235DC80000E4A086 /* ElaWallet.swift in Sources */ = {isa = PBXBuildFile; fileRef = F82873B2235DC80000E4A086 /* ElaWallet.swift */; };
		F8287416235DC80000E4A086 /* GroupHelper.swift in Sources */ = {isa = PBXBuildFile; fileRef = F82873B4235DC80000E4A086 /* GroupHelper.swift */; };
		F8287417235DC80000E4A086 /* NetworkReachabilityManager.swift in Sources */ = {isa = PBXBuildFile; fileRef = F82873B5235DC80000E4A086 /* NetworkReachabilityManager.swift */; };
		F8287418235DC80000E4A086 /* MessageBase.swift in Sources */ = {isa = PBXBuildFile; fileRef = F82873B6235DC80000E4A086 /* MessageBase.swift */; };
		F8287419235DC80000E4A086 /* Token20Service.swift in Sources */ = {isa = PBXBuildFile; fileRef = F82873B9235DC80000E4A086 /* Token20Service.swift */; };
		F828741A235DC80000E4A086 /* Token721Service.swift in Sources */ = {isa = PBXBuildFile; fileRef = F82873BA235DC80000E4A086 /* Token721Service.swift */; };
		F828741B235DC80000E4A086 /* AssetManagementService.swift in Sources */ = {isa = PBXBuildFile; fileRef = F82873BB235DC80000E4A086 /* AssetManagementService.swift */; };
		F828741C235DC80000E4A086 /* MerchantServiceConfig.swift in Sources */ = {isa = PBXBuildFile; fileRef = F82873BD235DC80000E4A086 /* MerchantServiceConfig.swift */; };
		F828741D235DC80000E4A086 /* PaymentConfig.swift in Sources */ = {isa = PBXBuildFile; fileRef = F82873BE235DC80000E4A086 /* PaymentConfig.swift */; };
		F828741E235DC80000E4A086 /* ErrorCode.swift in Sources */ = {isa = PBXBuildFile; fileRef = F82873BF235DC80000E4A086 /* ErrorCode.swift */; };
		F828741F235DC80000E4A086 /* DMAEnum.swift in Sources */ = {isa = PBXBuildFile; fileRef = F82873C0235DC80000E4A086 /* DMAEnum.swift */; };
		F8287420235DC80000E4A086 /* RechargeStatus.swift in Sources */ = {isa = PBXBuildFile; fileRef = F82873C2235DC80000E4A086 /* RechargeStatus.swift */; };
		F8287421235DC80000E4A086 /* PaymentService.swift in Sources */ = {isa = PBXBuildFile; fileRef = F82873C3235DC80000E4A086 /* PaymentService.swift */; };
		F8287422235DC80000E4A086 /* PayMethod.swift in Sources */ = {isa = PBXBuildFile; fileRef = F82873C4235DC80000E4A086 /* PayMethod.swift */; };
		F8287423235DC80000E4A086 /* Direction.swift in Sources */ = {isa = PBXBuildFile; fileRef = F82873C5235DC80000E4A086 /* Direction.swift */; };
		F8287424235DC80000E4A086 /* RequestBody.swift in Sources */ = {isa = PBXBuildFile; fileRef = F82873C8235DC80000E4A086 /* RequestBody.swift */; };
		F8287425235DC80000E4A086 /* ParserResult.swift in Sources */ = {isa = PBXBuildFile; fileRef = F82873CA235DC80000E4A086 /* ParserResult.swift */; };
		F8287426235DC80000E4A086 /* Parser.swift in Sources */ = {isa = PBXBuildFile; fileRef = F82873CB235DC80000E4A086 /* Parser.swift */; };
		F8287427235DC80000E4A086 /* PulseService.swift in Sources */ = {isa = PBXBuildFile; fileRef = F82873CD235DC80000E4A086 /* PulseService.swift */; };
		F8287428235DC80000E4A086 /* DataService.swift in Sources */ = {isa = PBXBuildFile; fileRef = F82873CF235DC80000E4A086 /* DataService.swift */; };
		F8287429235DC80000E4A086 /* ResponseBody.swift in Sources */ = {isa = PBXBuildFile; fileRef = F82873D0235DC80000E4A086 /* ResponseBody.swift */; };
		F828742A235DC80000E4A086 /* DynamicData.swift in Sources */ = {isa = PBXBuildFile; fileRef = F82873D2235DC80000E4A086 /* DynamicData.swift */; };
		F828742B235DC80000E4A086 /* Tags.swift in Sources */ = {isa = PBXBuildFile; fileRef = F82873D3235DC80000E4A086 /* Tags.swift */; };
		F828742C235DC80000E4A086 /* Pulse.swift in Sources */ = {isa = PBXBuildFile; fileRef = F82873D4235DC80000E4A086 /* Pulse.swift */; };
		F828742D235DC80000E4A086 /* AbstractService.swift in Sources */ = {isa = PBXBuildFile; fileRef = F82873D5235DC80000E4A086 /* AbstractService.swift */; };
		F828742E235DC80000E4A086 /* PassportService.swift in Sources */ = {isa = PBXBuildFile; fileRef = F82873D7235DC80000E4A086 /* PassportService.swift */; };
		F828742F235DC80000E4A086 /* DefaultEncipher.swift in Sources */ = {isa = PBXBuildFile; fileRef = F82873D9235DC80000E4A086 /* DefaultEncipher.swift */; };
		F8287430235DC80000E4A086 /* Encipher.swift in Sources */ = {isa = PBXBuildFile; fileRef = F82873DA235DC80000E4A086 /* Encipher.swift */; };
		F8287431235DC80000E4A086 /* AppIdEncipher.swift in Sources */ = {isa = PBXBuildFile; fileRef = F82873DB235DC80000E4A086 /* AppIdEncipher.swift */; };
		F8287432235DC80000E4A086 /* IpfsService.swift in Sources */ = {isa = PBXBuildFile; fileRef = F82873DD235DC80000E4A086 /* IpfsService.swift */; };
		F8287433235DC80000E4A086 /* StorageMedium.swift in Sources */ = {isa = PBXBuildFile; fileRef = F82873DE235DC80000E4A086 /* StorageMedium.swift */; };
		F8287434235DC80000E4A086 /* Profile.swift in Sources */ = {isa = PBXBuildFile; fileRef = F82873E1235DC80000E4A086 /* Profile.swift */; };
		F8287435235DC80000E4A086 /* Propertys.swift in Sources */ = {isa = PBXBuildFile; fileRef = F82873E2235DC80000E4A086 /* Propertys.swift */; };
		F8287436235DC80000E4A086 /* ProfileService.swift in Sources */ = {isa = PBXBuildFile; fileRef = F82873E4235DC80000E4A086 /* ProfileService.swift */; };
		F8287437235DC80000E4A086 /* ElaDIDService.swift in Sources */ = {isa = PBXBuildFile; fileRef = F82873E6235DC80000E4A086 /* ElaDIDService.swift */; };
		F8287438235DC80000E4A086 /* EthService.swift in Sources */ = {isa = PBXBuildFile; fileRef = F82873E7235DC80000E4A086 /* EthService.swift */; };
		F8287439235DC80000E4A086 /* ElaService.swift in Sources */ = {isa = PBXBuildFile; fileRef = F82873E8235DC80000E4A086 /* ElaService.swift */; };
		F828743A235DC80000E4A086 /* EthSideChainWalletService .swift in Sources */ = {isa = PBXBuildFile; fileRef = F82873E9235DC80000E4A086 /* EthSideChainWalletService .swift */; };
		F828743B235DC80000E4A086 /* MessageService.swift in Sources */ = {isa = PBXBuildFile; fileRef = F82873EB235DC80000E4A086 /* MessageService.swift */; };
		F828743C235DC80000E4A086 /* GroupService.swift in Sources */ = {isa = PBXBuildFile; fileRef = F82873EC235DC80000E4A086 /* GroupService.swift */; };
		F828743D235DC80000E4A086 /* AppraiserService.swift in Sources */ = {isa = PBXBuildFile; fileRef = F82873EE235DC80000E4A086 /* AppraiserService.swift */; };
		F828743E235DC80000E4A086 /* Appraiser.swift in Sources */ = {isa = PBXBuildFile; fileRef = F82873EF235DC80000E4A086 /* Appraiser.swift */; };
		F828743F235DC80000E4A086 /* ChargeActivityService.swift in Sources */ = {isa = PBXBuildFile; fileRef = F82873F1235DC80000E4A086 /* ChargeActivityService.swift */; };
		F8287440235DC80000E4A086 /* MerchantService.swift in Sources */ = {isa = PBXBuildFile; fileRef = F82873F2235DC80000E4A086 /* MerchantService.swift */; };
		F8287441235DC80000E4A086 /* PledgeActivityService.swift in Sources */ = {isa = PBXBuildFile; fileRef = F82873F3235DC80000E4A086 /* PledgeActivityService.swift */; };
		F8287442235DC80000E4A086 /* ChargeActivityTrusService.swift in Sources */ = {isa = PBXBuildFile; fileRef = F82873F5235DC80000E4A086 /* ChargeActivityTrusService.swift */; };
		F8287443235DC80000E4A086 /* TicketService.swift in Sources */ = {isa = PBXBuildFile; fileRef = F82873F6235DC80000E4A086 /* TicketService.swift */; };
		F8287444235DC80000E4A086 /* TicketOrderInfo.swift in Sources */ = {isa = PBXBuildFile; fileRef = F82873F7235DC80000E4A086 /* TicketOrderInfo.swift */; };
		F8287445235DC80000E4A086 /* SaleMyTickService.swift in Sources */ = {isa = PBXBuildFile; fileRef = F82873F8235DC80000E4A086 /* SaleMyTickService.swift */; };
		F8287446235DC80000E4A086 /* TicketTokenInfo.swift in Sources */ = {isa = PBXBuildFile; fileRef = F82873F9235DC80000E4A086 /* TicketTokenInfo.swift */; };
		F8287447235DC80000E4A086 /* TicketContractInfo.swift in Sources */ = {isa = PBXBuildFile; fileRef = F82873FA235DC80000E4A086 /* TicketContractInfo.swift */; };
		F8287448235DC80000E4A086 /* TicketTrustService.swift in Sources */ = {isa = PBXBuildFile; fileRef = F82873FB235DC80000E4A086 /* TicketTrustService.swift */; };
		F8287449235DC80000E4A086 /* PledgeActivityTrusService.swift in Sources */ = {isa = PBXBuildFile; fileRef = F82873FC235DC80000E4A086 /* PledgeActivityTrusService.swift */; };
		F828744B235DC8EB00E4A086 /* NSMutableDictionary+Extension.swift in Sources */ = {isa = PBXBuildFile; fileRef = F828744A235DC8EB00E4A086 /* NSMutableDictionary+Extension.swift */; };
/* End PBXBuildFile section */

/* Begin PBXFileReference section */
		32CF08E1CC9C3AC4C76FD733 /* Pods-DMASDKV1.debug.xcconfig */ = {isa = PBXFileReference; includeInIndex = 1; lastKnownFileType = text.xcconfig; name = "Pods-DMASDKV1.debug.xcconfig"; path = "Pods/Target Support Files/Pods-DMASDKV1/Pods-DMASDKV1.debug.xcconfig"; sourceTree = "<group>"; };
		410A32CABEAE2AF1640E0A2A /* Pods-DMASDKV1.release.xcconfig */ = {isa = PBXFileReference; includeInIndex = 1; lastKnownFileType = text.xcconfig; name = "Pods-DMASDKV1.release.xcconfig"; path = "Pods/Target Support Files/Pods-DMASDKV1/Pods-DMASDKV1.release.xcconfig"; sourceTree = "<group>"; };
		70A38906F026B6EDA704A972 /* Pods_DMASDKV1.framework */ = {isa = PBXFileReference; explicitFileType = wrapper.framework; includeInIndex = 0; path = Pods_DMASDKV1.framework; sourceTree = BUILT_PRODUCTS_DIR; };
		F8125C082314F50700B813DB /* DMASDKV1.framework */ = {isa = PBXFileReference; explicitFileType = wrapper.framework; includeInIndex = 0; path = DMASDKV1.framework; sourceTree = BUILT_PRODUCTS_DIR; };
		F8125C0B2314F50700B813DB /* DMASDKV1.h */ = {isa = PBXFileReference; lastKnownFileType = sourcecode.c.h; path = DMASDKV1.h; sourceTree = "<group>"; };
		F8125C0C2314F50700B813DB /* Info.plist */ = {isa = PBXFileReference; lastKnownFileType = text.plist.xml; path = Info.plist; sourceTree = "<group>"; };
		F8125C142314F5A800B813DB /* ElastosSdkKeypair.framework */ = {isa = PBXFileReference; lastKnownFileType = wrapper.framework; path = ElastosSdkKeypair.framework; sourceTree = "<group>"; };
		F8125C152314F5A800B813DB /* ElastosSdkWallet.framework */ = {isa = PBXFileReference; lastKnownFileType = wrapper.framework; path = ElastosSdkWallet.framework; sourceTree = "<group>"; };
		F8125D0023162C3100B813DB /* SwiftHex.framework */ = {isa = PBXFileReference; lastKnownFileType = wrapper.framework; name = SwiftHex.framework; path = Carthage/Build/iOS/SwiftHex.framework; sourceTree = "<group>"; };
		F8125D0123162C3100B813DB /* SwiftBase58.framework */ = {isa = PBXFileReference; lastKnownFileType = wrapper.framework; name = SwiftBase58.framework; path = Carthage/Build/iOS/SwiftBase58.framework; sourceTree = "<group>"; };
		F8125D0223162C3100B813DB /* SwiftGMP.framework */ = {isa = PBXFileReference; lastKnownFileType = wrapper.framework; name = SwiftGMP.framework; path = Carthage/Build/iOS/SwiftGMP.framework; sourceTree = "<group>"; };
		F8125D0323162C3200B813DB /* SwiftIpfsApi.framework */ = {isa = PBXFileReference; lastKnownFileType = wrapper.framework; name = SwiftIpfsApi.framework; path = Carthage/Build/iOS/SwiftIpfsApi.framework; sourceTree = "<group>"; };
		F8125D0423162C3200B813DB /* SwiftMultiaddr.framework */ = {isa = PBXFileReference; lastKnownFileType = wrapper.framework; name = SwiftMultiaddr.framework; path = Carthage/Build/iOS/SwiftMultiaddr.framework; sourceTree = "<group>"; };
		F8125D0523162C3200B813DB /* SwiftMultihash.framework */ = {isa = PBXFileReference; lastKnownFileType = wrapper.framework; name = SwiftMultihash.framework; path = Carthage/Build/iOS/SwiftMultihash.framework; sourceTree = "<group>"; };
		F8125D0623162C3200B813DB /* VarInt.framework */ = {isa = PBXFileReference; lastKnownFileType = wrapper.framework; name = VarInt.framework; path = Carthage/Build/iOS/VarInt.framework; sourceTree = "<group>"; };
		F8287394235DC80000E4A086 /* TokenContract.swift */ = {isa = PBXFileReference; fileEncoding = 4; lastKnownFileType = sourcecode.swift; path = TokenContract.swift; sourceTree = "<group>"; };
		F8287395235DC80000E4A086 /* PlatformContract.swift */ = {isa = PBXFileReference; fileEncoding = 4; lastKnownFileType = sourcecode.swift; path = PlatformContract.swift; sourceTree = "<group>"; };
		F8287396235DC80000E4A086 /* ChargeActivityContract.swift */ = {isa = PBXFileReference; fileEncoding = 4; lastKnownFileType = sourcecode.swift; path = ChargeActivityContract.swift; sourceTree = "<group>"; };
		F8287397235DC80000E4A086 /* PledgeActivityContract.swift */ = {isa = PBXFileReference; fileEncoding = 4; lastKnownFileType = sourcecode.swift; path = PledgeActivityContract.swift; sourceTree = "<group>"; };
		F8287399235DC80000E4A086 /* AssetManagement.swift */ = {isa = PBXFileReference; fileEncoding = 4; lastKnownFileType = sourcecode.swift; path = AssetManagement.swift; sourceTree = "<group>"; };
		F828739B235DC80000E4A086 /* DMACommon.swift */ = {isa = PBXFileReference; fileEncoding = 4; lastKnownFileType = sourcecode.swift; path = DMACommon.swift; sourceTree = "<group>"; };
		F828739C235DC80000E4A086 /* String+Extension.swift */ = {isa = PBXFileReference; fileEncoding = 4; lastKnownFileType = sourcecode.swift; path = "String+Extension.swift"; sourceTree = "<group>"; };
		F828739D235DC80000E4A086 /* Web3Util.swift */ = {isa = PBXFileReference; fileEncoding = 4; lastKnownFileType = sourcecode.swift; path = Web3Util.swift; sourceTree = "<group>"; };
		F828739E235DC80000E4A086 /* DMAHttpUtil.swift */ = {isa = PBXFileReference; fileEncoding = 4; lastKnownFileType = sourcecode.swift; path = DMAHttpUtil.swift; sourceTree = "<group>"; };
		F828739F235DC80000E4A086 /* DeployHelper.swift */ = {isa = PBXFileReference; fileEncoding = 4; lastKnownFileType = sourcecode.swift; path = DeployHelper.swift; sourceTree = "<group>"; };
		F82873A0235DC80000E4A086 /* ContractMethodHelper.swift */ = {isa = PBXFileReference; fileEncoding = 4; lastKnownFileType = sourcecode.swift; path = ContractMethodHelper.swift; sourceTree = "<group>"; };
		F82873A2235DC80000E4A086 /* ElaDID.swift */ = {isa = PBXFileReference; fileEncoding = 4; lastKnownFileType = sourcecode.swift; path = ElaDID.swift; sourceTree = "<group>"; };
		F82873A4235DC80000E4A086 /* IpfsStorage.swift */ = {isa = PBXFileReference; fileEncoding = 4; lastKnownFileType = sourcecode.swift; path = IpfsStorage.swift; sourceTree = "<group>"; };
		F82873A6235DC80000E4A086 /* ETHChargeActivity.json */ = {isa = PBXFileReference; fileEncoding = 4; lastKnownFileType = text.json; path = ETHChargeActivity.json; sourceTree = "<group>"; };
		F82873A7235DC80000E4A086 /* ETHChargeActivityData.json */ = {isa = PBXFileReference; fileEncoding = 4; lastKnownFileType = text.json; path = ETHChargeActivityData.json; sourceTree = "<group>"; };
		F82873A8235DC80000E4A086 /* NFTokenDMA.json */ = {isa = PBXFileReference; fileEncoding = 4; lastKnownFileType = text.json; path = NFTokenDMA.json; sourceTree = "<group>"; };
		F82873A9235DC80000E4A086 /* ETHTransfer.json */ = {isa = PBXFileReference; fileEncoding = 4; lastKnownFileType = text.json; path = ETHTransfer.json; sourceTree = "<group>"; };
		F82873AA235DC80000E4A086 /* ETHPlatformData.json */ = {isa = PBXFileReference; fileEncoding = 4; lastKnownFileType = text.json; path = ETHPlatformData.json; sourceTree = "<group>"; };
		F82873AB235DC80000E4A086 /* ETHPlatform.json */ = {isa = PBXFileReference; fileEncoding = 4; lastKnownFileType = text.json; path = ETHPlatform.json; sourceTree = "<group>"; };
		F82873AC235DC80000E4A086 /* NFTokenETH.json */ = {isa = PBXFileReference; fileEncoding = 4; lastKnownFileType = text.json; path = NFTokenETH.json; sourceTree = "<group>"; };
		F82873AD235DC80000E4A086 /* ETHPledgeActivityData.json */ = {isa = PBXFileReference; fileEncoding = 4; lastKnownFileType = text.json; path = ETHPledgeActivityData.json; sourceTree = "<group>"; };
		F82873AE235DC80000E4A086 /* ETHPledgeActivity.json */ = {isa = PBXFileReference; fileEncoding = 4; lastKnownFileType = text.json; path = ETHPledgeActivity.json; sourceTree = "<group>"; };
		F82873AF235DC80000E4A086 /* NFTokenETHData.json */ = {isa = PBXFileReference; fileEncoding = 4; lastKnownFileType = text.json; path = NFTokenETHData.json; sourceTree = "<group>"; };
		F82873B1235DC80000E4A086 /* EthWallet.swift */ = {isa = PBXFileReference; fileEncoding = 4; lastKnownFileType = sourcecode.swift; path = EthWallet.swift; sourceTree = "<group>"; };
		F82873B2235DC80000E4A086 /* ElaWallet.swift */ = {isa = PBXFileReference; fileEncoding = 4; lastKnownFileType = sourcecode.swift; path = ElaWallet.swift; sourceTree = "<group>"; };
		F82873B4235DC80000E4A086 /* GroupHelper.swift */ = {isa = PBXFileReference; fileEncoding = 4; lastKnownFileType = sourcecode.swift; path = GroupHelper.swift; sourceTree = "<group>"; };
		F82873B5235DC80000E4A086 /* NetworkReachabilityManager.swift */ = {isa = PBXFileReference; fileEncoding = 4; lastKnownFileType = sourcecode.swift; path = NetworkReachabilityManager.swift; sourceTree = "<group>"; };
		F82873B6235DC80000E4A086 /* MessageBase.swift */ = {isa = PBXFileReference; fileEncoding = 4; lastKnownFileType = sourcecode.swift; path = MessageBase.swift; sourceTree = "<group>"; };
		F82873B9235DC80000E4A086 /* Token20Service.swift */ = {isa = PBXFileReference; fileEncoding = 4; lastKnownFileType = sourcecode.swift; path = Token20Service.swift; sourceTree = "<group>"; };
		F82873BA235DC80000E4A086 /* Token721Service.swift */ = {isa = PBXFileReference; fileEncoding = 4; lastKnownFileType = sourcecode.swift; path = Token721Service.swift; sourceTree = "<group>"; };
		F82873BB235DC80000E4A086 /* AssetManagementService.swift */ = {isa = PBXFileReference; fileEncoding = 4; lastKnownFileType = sourcecode.swift; path = AssetManagementService.swift; sourceTree = "<group>"; };
		F82873BD235DC80000E4A086 /* MerchantServiceConfig.swift */ = {isa = PBXFileReference; fileEncoding = 4; lastKnownFileType = sourcecode.swift; path = MerchantServiceConfig.swift; sourceTree = "<group>"; };
		F82873BE235DC80000E4A086 /* PaymentConfig.swift */ = {isa = PBXFileReference; fileEncoding = 4; lastKnownFileType = sourcecode.swift; path = PaymentConfig.swift; sourceTree = "<group>"; };
		F82873BF235DC80000E4A086 /* ErrorCode.swift */ = {isa = PBXFileReference; fileEncoding = 4; lastKnownFileType = sourcecode.swift; path = ErrorCode.swift; sourceTree = "<group>"; };
		F82873C0235DC80000E4A086 /* DMAEnum.swift */ = {isa = PBXFileReference; fileEncoding = 4; lastKnownFileType = sourcecode.swift; path = DMAEnum.swift; sourceTree = "<group>"; };
		F82873C2235DC80000E4A086 /* RechargeStatus.swift */ = {isa = PBXFileReference; fileEncoding = 4; lastKnownFileType = sourcecode.swift; path = RechargeStatus.swift; sourceTree = "<group>"; };
		F82873C3235DC80000E4A086 /* PaymentService.swift */ = {isa = PBXFileReference; fileEncoding = 4; lastKnownFileType = sourcecode.swift; path = PaymentService.swift; sourceTree = "<group>"; };
		F82873C4235DC80000E4A086 /* PayMethod.swift */ = {isa = PBXFileReference; fileEncoding = 4; lastKnownFileType = sourcecode.swift; path = PayMethod.swift; sourceTree = "<group>"; };
		F82873C5235DC80000E4A086 /* Direction.swift */ = {isa = PBXFileReference; fileEncoding = 4; lastKnownFileType = sourcecode.swift; path = Direction.swift; sourceTree = "<group>"; };
		F82873C8235DC80000E4A086 /* RequestBody.swift */ = {isa = PBXFileReference; fileEncoding = 4; lastKnownFileType = sourcecode.swift; path = RequestBody.swift; sourceTree = "<group>"; };
		F82873CA235DC80000E4A086 /* ParserResult.swift */ = {isa = PBXFileReference; fileEncoding = 4; lastKnownFileType = sourcecode.swift; path = ParserResult.swift; sourceTree = "<group>"; };
		F82873CB235DC80000E4A086 /* Parser.swift */ = {isa = PBXFileReference; fileEncoding = 4; lastKnownFileType = sourcecode.swift; path = Parser.swift; sourceTree = "<group>"; };
		F82873CD235DC80000E4A086 /* PulseService.swift */ = {isa = PBXFileReference; fileEncoding = 4; lastKnownFileType = sourcecode.swift; path = PulseService.swift; sourceTree = "<group>"; };
		F82873CF235DC80000E4A086 /* DataService.swift */ = {isa = PBXFileReference; fileEncoding = 4; lastKnownFileType = sourcecode.swift; path = DataService.swift; sourceTree = "<group>"; };
		F82873D0235DC80000E4A086 /* ResponseBody.swift */ = {isa = PBXFileReference; fileEncoding = 4; lastKnownFileType = sourcecode.swift; path = ResponseBody.swift; sourceTree = "<group>"; };
		F82873D2235DC80000E4A086 /* DynamicData.swift */ = {isa = PBXFileReference; fileEncoding = 4; lastKnownFileType = sourcecode.swift; path = DynamicData.swift; sourceTree = "<group>"; };
		F82873D3235DC80000E4A086 /* Tags.swift */ = {isa = PBXFileReference; fileEncoding = 4; lastKnownFileType = sourcecode.swift; path = Tags.swift; sourceTree = "<group>"; };
		F82873D4235DC80000E4A086 /* Pulse.swift */ = {isa = PBXFileReference; fileEncoding = 4; lastKnownFileType = sourcecode.swift; path = Pulse.swift; sourceTree = "<group>"; };
		F82873D5235DC80000E4A086 /* AbstractService.swift */ = {isa = PBXFileReference; fileEncoding = 4; lastKnownFileType = sourcecode.swift; path = AbstractService.swift; sourceTree = "<group>"; };
		F82873D7235DC80000E4A086 /* PassportService.swift */ = {isa = PBXFileReference; fileEncoding = 4; lastKnownFileType = sourcecode.swift; path = PassportService.swift; sourceTree = "<group>"; };
		F82873D9235DC80000E4A086 /* DefaultEncipher.swift */ = {isa = PBXFileReference; fileEncoding = 4; lastKnownFileType = sourcecode.swift; path = DefaultEncipher.swift; sourceTree = "<group>"; };
		F82873DA235DC80000E4A086 /* Encipher.swift */ = {isa = PBXFileReference; fileEncoding = 4; lastKnownFileType = sourcecode.swift; path = Encipher.swift; sourceTree = "<group>"; };
		F82873DB235DC80000E4A086 /* AppIdEncipher.swift */ = {isa = PBXFileReference; fileEncoding = 4; lastKnownFileType = sourcecode.swift; path = AppIdEncipher.swift; sourceTree = "<group>"; };
		F82873DD235DC80000E4A086 /* IpfsService.swift */ = {isa = PBXFileReference; fileEncoding = 4; lastKnownFileType = sourcecode.swift; path = IpfsService.swift; sourceTree = "<group>"; };
		F82873DE235DC80000E4A086 /* StorageMedium.swift */ = {isa = PBXFileReference; fileEncoding = 4; lastKnownFileType = sourcecode.swift; path = StorageMedium.swift; sourceTree = "<group>"; };
		F82873E1235DC80000E4A086 /* Profile.swift */ = {isa = PBXFileReference; fileEncoding = 4; lastKnownFileType = sourcecode.swift; path = Profile.swift; sourceTree = "<group>"; };
		F82873E2235DC80000E4A086 /* Propertys.swift */ = {isa = PBXFileReference; fileEncoding = 4; lastKnownFileType = sourcecode.swift; path = Propertys.swift; sourceTree = "<group>"; };
		F82873E4235DC80000E4A086 /* ProfileService.swift */ = {isa = PBXFileReference; fileEncoding = 4; lastKnownFileType = sourcecode.swift; path = ProfileService.swift; sourceTree = "<group>"; };
		F82873E6235DC80000E4A086 /* ElaDIDService.swift */ = {isa = PBXFileReference; fileEncoding = 4; lastKnownFileType = sourcecode.swift; path = ElaDIDService.swift; sourceTree = "<group>"; };
		F82873E7235DC80000E4A086 /* EthService.swift */ = {isa = PBXFileReference; fileEncoding = 4; lastKnownFileType = sourcecode.swift; path = EthService.swift; sourceTree = "<group>"; };
		F82873E8235DC80000E4A086 /* ElaService.swift */ = {isa = PBXFileReference; fileEncoding = 4; lastKnownFileType = sourcecode.swift; path = ElaService.swift; sourceTree = "<group>"; };
		F82873E9235DC80000E4A086 /* EthSideChainWalletService .swift */ = {isa = PBXFileReference; fileEncoding = 4; lastKnownFileType = sourcecode.swift; path = "EthSideChainWalletService .swift"; sourceTree = "<group>"; };
		F82873EB235DC80000E4A086 /* MessageService.swift */ = {isa = PBXFileReference; fileEncoding = 4; lastKnownFileType = sourcecode.swift; path = MessageService.swift; sourceTree = "<group>"; };
		F82873EC235DC80000E4A086 /* GroupService.swift */ = {isa = PBXFileReference; fileEncoding = 4; lastKnownFileType = sourcecode.swift; path = GroupService.swift; sourceTree = "<group>"; };
		F82873EE235DC80000E4A086 /* AppraiserService.swift */ = {isa = PBXFileReference; fileEncoding = 4; lastKnownFileType = sourcecode.swift; path = AppraiserService.swift; sourceTree = "<group>"; };
		F82873EF235DC80000E4A086 /* Appraiser.swift */ = {isa = PBXFileReference; fileEncoding = 4; lastKnownFileType = sourcecode.swift; path = Appraiser.swift; sourceTree = "<group>"; };
		F82873F1235DC80000E4A086 /* ChargeActivityService.swift */ = {isa = PBXFileReference; fileEncoding = 4; lastKnownFileType = sourcecode.swift; path = ChargeActivityService.swift; sourceTree = "<group>"; };
		F82873F2235DC80000E4A086 /* MerchantService.swift */ = {isa = PBXFileReference; fileEncoding = 4; lastKnownFileType = sourcecode.swift; path = MerchantService.swift; sourceTree = "<group>"; };
		F82873F3235DC80000E4A086 /* PledgeActivityService.swift */ = {isa = PBXFileReference; fileEncoding = 4; lastKnownFileType = sourcecode.swift; path = PledgeActivityService.swift; sourceTree = "<group>"; };
		F82873F5235DC80000E4A086 /* ChargeActivityTrusService.swift */ = {isa = PBXFileReference; fileEncoding = 4; lastKnownFileType = sourcecode.swift; path = ChargeActivityTrusService.swift; sourceTree = "<group>"; };
		F82873F6235DC80000E4A086 /* TicketService.swift */ = {isa = PBXFileReference; fileEncoding = 4; lastKnownFileType = sourcecode.swift; path = TicketService.swift; sourceTree = "<group>"; };
		F82873F7235DC80000E4A086 /* TicketOrderInfo.swift */ = {isa = PBXFileReference; fileEncoding = 4; lastKnownFileType = sourcecode.swift; path = TicketOrderInfo.swift; sourceTree = "<group>"; };
		F82873F8235DC80000E4A086 /* SaleMyTickService.swift */ = {isa = PBXFileReference; fileEncoding = 4; lastKnownFileType = sourcecode.swift; path = SaleMyTickService.swift; sourceTree = "<group>"; };
		F82873F9235DC80000E4A086 /* TicketTokenInfo.swift */ = {isa = PBXFileReference; fileEncoding = 4; lastKnownFileType = sourcecode.swift; path = TicketTokenInfo.swift; sourceTree = "<group>"; };
		F82873FA235DC80000E4A086 /* TicketContractInfo.swift */ = {isa = PBXFileReference; fileEncoding = 4; lastKnownFileType = sourcecode.swift; path = TicketContractInfo.swift; sourceTree = "<group>"; };
		F82873FB235DC80000E4A086 /* TicketTrustService.swift */ = {isa = PBXFileReference; fileEncoding = 4; lastKnownFileType = sourcecode.swift; path = TicketTrustService.swift; sourceTree = "<group>"; };
		F82873FC235DC80000E4A086 /* PledgeActivityTrusService.swift */ = {isa = PBXFileReference; fileEncoding = 4; lastKnownFileType = sourcecode.swift; path = PledgeActivityTrusService.swift; sourceTree = "<group>"; };
		F828744A235DC8EB00E4A086 /* NSMutableDictionary+Extension.swift */ = {isa = PBXFileReference; fileEncoding = 4; lastKnownFileType = sourcecode.swift; path = "NSMutableDictionary+Extension.swift"; sourceTree = "<group>"; };
/* End PBXFileReference section */

/* Begin PBXFrameworksBuildPhase section */
		F8125C052314F50700B813DB /* Frameworks */ = {
			isa = PBXFrameworksBuildPhase;
			buildActionMask = 2147483647;
			files = (
				F8125D0723162C3200B813DB /* SwiftHex.framework in Frameworks */,
				F8125D0823162C3200B813DB /* SwiftBase58.framework in Frameworks */,
				F8125D0923162C3200B813DB /* SwiftGMP.framework in Frameworks */,
				F8125D0A23162C3200B813DB /* SwiftIpfsApi.framework in Frameworks */,
				F8125D0B23162C3200B813DB /* SwiftMultiaddr.framework in Frameworks */,
				F8125D0C23162C3200B813DB /* SwiftMultihash.framework in Frameworks */,
				F8125D0D23162C3200B813DB /* VarInt.framework in Frameworks */,
				F8125C172314F5A800B813DB /* ElastosSdkWallet.framework in Frameworks */,
				F8125C162314F5A800B813DB /* ElastosSdkKeypair.framework in Frameworks */,
				0DF943739E816E6A25916D56 /* Pods_DMASDKV1.framework in Frameworks */,
			);
			runOnlyForDeploymentPostprocessing = 0;
		};
/* End PBXFrameworksBuildPhase section */

/* Begin PBXGroup section */
		4CB9FEABC979D0AF8EA3561C /* Frameworks */ = {
			isa = PBXGroup;
			children = (
				F8125D0123162C3100B813DB /* SwiftBase58.framework */,
				F8125D0223162C3100B813DB /* SwiftGMP.framework */,
				F8125D0023162C3100B813DB /* SwiftHex.framework */,
				F8125D0323162C3200B813DB /* SwiftIpfsApi.framework */,
				F8125D0423162C3200B813DB /* SwiftMultiaddr.framework */,
				F8125D0523162C3200B813DB /* SwiftMultihash.framework */,
				F8125D0623162C3200B813DB /* VarInt.framework */,
				70A38906F026B6EDA704A972 /* Pods_DMASDKV1.framework */,
			);
			name = Frameworks;
			sourceTree = "<group>";
		};
		F8125BFE2314F50700B813DB = {
			isa = PBXGroup;
			children = (
				F8125C0A2314F50700B813DB /* DMASDKV1 */,
				F8125C092314F50700B813DB /* Products */,
				F9A4A06537CA10B6468373B5 /* Pods */,
				4CB9FEABC979D0AF8EA3561C /* Frameworks */,
			);
			sourceTree = "<group>";
		};
		F8125C092314F50700B813DB /* Products */ = {
			isa = PBXGroup;
			children = (
				F8125C082314F50700B813DB /* DMASDKV1.framework */,
			);
			name = Products;
			sourceTree = "<group>";
		};
		F8125C0A2314F50700B813DB /* DMASDKV1 */ = {
			isa = PBXGroup;
			children = (
				F82873B7235DC80000E4A086 /* Service */,
				F8287392235DC80000E4A086 /* Base */,
				F8125C132314F5A100B813DB /* SDK */,
				F8125C0B2314F50700B813DB /* DMASDKV1.h */,
				F8125C0C2314F50700B813DB /* Info.plist */,
			);
			path = DMASDKV1;
			sourceTree = "<group>";
		};
		F8125C132314F5A100B813DB /* SDK */ = {
			isa = PBXGroup;
			children = (
				F8125C142314F5A800B813DB /* ElastosSdkKeypair.framework */,
				F8125C152314F5A800B813DB /* ElastosSdkWallet.framework */,
			);
			path = SDK;
			sourceTree = "<group>";
		};
		F8287392235DC80000E4A086 /* Base */ = {
			isa = PBXGroup;
			children = (
				F8287393235DC80000E4A086 /* exchange */,
				F8287398235DC80000E4A086 /* asset */,
				F828739A235DC80000E4A086 /* util */,
				F82873A1235DC80000E4A086 /* passport */,
				F82873A3235DC80000E4A086 /* storage */,
				F82873A5235DC80000E4A086 /* abi */,
				F82873B0235DC80000E4A086 /* wallet */,
				F82873B3235DC80000E4A086 /* carrier */,
			);
			path = Base;
			sourceTree = "<group>";
		};
		F8287393235DC80000E4A086 /* exchange */ = {
			isa = PBXGroup;
			children = (
				F8287394235DC80000E4A086 /* TokenContract.swift */,
				F8287395235DC80000E4A086 /* PlatformContract.swift */,
				F8287396235DC80000E4A086 /* ChargeActivityContract.swift */,
				F8287397235DC80000E4A086 /* PledgeActivityContract.swift */,
			);
			path = exchange;
			sourceTree = "<group>";
		};
		F8287398235DC80000E4A086 /* asset */ = {
			isa = PBXGroup;
			children = (
				F8287399235DC80000E4A086 /* AssetManagement.swift */,
			);
			path = asset;
			sourceTree = "<group>";
		};
		F828739A235DC80000E4A086 /* util */ = {
			isa = PBXGroup;
			children = (
				F828744A235DC8EB00E4A086 /* NSMutableDictionary+Extension.swift */,
				F828739B235DC80000E4A086 /* DMACommon.swift */,
				F828739C235DC80000E4A086 /* String+Extension.swift */,
				F828739D235DC80000E4A086 /* Web3Util.swift */,
				F828739E235DC80000E4A086 /* DMAHttpUtil.swift */,
				F828739F235DC80000E4A086 /* DeployHelper.swift */,
				F82873A0235DC80000E4A086 /* ContractMethodHelper.swift */,
			);
			path = util;
			sourceTree = "<group>";
		};
		F82873A1235DC80000E4A086 /* passport */ = {
			isa = PBXGroup;
			children = (
				F82873A2235DC80000E4A086 /* ElaDID.swift */,
			);
			path = passport;
			sourceTree = "<group>";
		};
		F82873A3235DC80000E4A086 /* storage */ = {
			isa = PBXGroup;
			children = (
				F82873A4235DC80000E4A086 /* IpfsStorage.swift */,
			);
			path = storage;
			sourceTree = "<group>";
		};
		F82873A5235DC80000E4A086 /* abi */ = {
			isa = PBXGroup;
			children = (
				F82873A6235DC80000E4A086 /* ETHChargeActivity.json */,
				F82873A7235DC80000E4A086 /* ETHChargeActivityData.json */,
				F82873A8235DC80000E4A086 /* NFTokenDMA.json */,
				F82873A9235DC80000E4A086 /* ETHTransfer.json */,
				F82873AA235DC80000E4A086 /* ETHPlatformData.json */,
				F82873AB235DC80000E4A086 /* ETHPlatform.json */,
				F82873AC235DC80000E4A086 /* NFTokenETH.json */,
				F82873AD235DC80000E4A086 /* ETHPledgeActivityData.json */,
				F82873AE235DC80000E4A086 /* ETHPledgeActivity.json */,
				F82873AF235DC80000E4A086 /* NFTokenETHData.json */,
			);
			path = abi;
			sourceTree = "<group>";
		};
		F82873B0235DC80000E4A086 /* wallet */ = {
			isa = PBXGroup;
			children = (
				F82873B1235DC80000E4A086 /* EthWallet.swift */,
				F82873B2235DC80000E4A086 /* ElaWallet.swift */,
			);
			path = wallet;
			sourceTree = "<group>";
		};
		F82873B3235DC80000E4A086 /* carrier */ = {
			isa = PBXGroup;
			children = (
				F82873B4235DC80000E4A086 /* GroupHelper.swift */,
				F82873B5235DC80000E4A086 /* NetworkReachabilityManager.swift */,
				F82873B6235DC80000E4A086 /* MessageBase.swift */,
			);
			path = carrier;
			sourceTree = "<group>";
		};
		F82873B7235DC80000E4A086 /* Service */ = {
			isa = PBXGroup;
			children = (
				F82873B8235DC80000E4A086 /* asset */,
				F82873BC235DC80000E4A086 /* config */,
				F82873C1235DC80000E4A086 /* payment */,
				F82873C6235DC80000E4A086 /* pulse */,
				F82873CE235DC80000E4A086 /* dataservice */,
				F82873D6235DC80000E4A086 /* passport */,
				F82873DC235DC80000E4A086 /* storage */,
				F82873DF235DC80000E4A086 /* profile */,
				F82873E5235DC80000E4A086 /* wallet */,
				F82873EA235DC80000E4A086 /* carrier */,
				F82873ED235DC80000E4A086 /* appraiser */,
				F82873F0235DC80000E4A086 /* merchant */,
				F82873F4235DC80000E4A086 /* tick */,
			);
			path = Service;
			sourceTree = "<group>";
		};
		F82873B8235DC80000E4A086 /* asset */ = {
			isa = PBXGroup;
			children = (
				F82873B9235DC80000E4A086 /* Token20Service.swift */,
				F82873BA235DC80000E4A086 /* Token721Service.swift */,
				F82873BB235DC80000E4A086 /* AssetManagementService.swift */,
			);
			path = asset;
			sourceTree = "<group>";
		};
		F82873BC235DC80000E4A086 /* config */ = {
			isa = PBXGroup;
			children = (
				F82873BD235DC80000E4A086 /* MerchantServiceConfig.swift */,
				F82873BE235DC80000E4A086 /* PaymentConfig.swift */,
				F82873BF235DC80000E4A086 /* ErrorCode.swift */,
				F82873C0235DC80000E4A086 /* DMAEnum.swift */,
			);
			path = config;
			sourceTree = "<group>";
		};
		F82873C1235DC80000E4A086 /* payment */ = {
			isa = PBXGroup;
			children = (
				F82873C2235DC80000E4A086 /* RechargeStatus.swift */,
				F82873C3235DC80000E4A086 /* PaymentService.swift */,
				F82873C4235DC80000E4A086 /* PayMethod.swift */,
				F82873C5235DC80000E4A086 /* Direction.swift */,
			);
			path = payment;
			sourceTree = "<group>";
		};
		F82873C6235DC80000E4A086 /* pulse */ = {
			isa = PBXGroup;
			children = (
				F82873C7235DC80000E4A086 /* entity */,
				F82873C9235DC80000E4A086 /* parser */,
				F82873CC235DC80000E4A086 /* service */,
			);
			path = pulse;
			sourceTree = "<group>";
		};
		F82873C7235DC80000E4A086 /* entity */ = {
			isa = PBXGroup;
			children = (
				F82873C8235DC80000E4A086 /* RequestBody.swift */,
			);
			path = entity;
			sourceTree = "<group>";
		};
		F82873C9235DC80000E4A086 /* parser */ = {
			isa = PBXGroup;
			children = (
				F82873CA235DC80000E4A086 /* ParserResult.swift */,
				F82873CB235DC80000E4A086 /* Parser.swift */,
			);
			path = parser;
			sourceTree = "<group>";
		};
		F82873CC235DC80000E4A086 /* service */ = {
			isa = PBXGroup;
			children = (
				F82873CD235DC80000E4A086 /* PulseService.swift */,
			);
			path = service;
			sourceTree = "<group>";
		};
		F82873CE235DC80000E4A086 /* dataservice */ = {
			isa = PBXGroup;
			children = (
				F82873CF235DC80000E4A086 /* DataService.swift */,
				F82873D0235DC80000E4A086 /* ResponseBody.swift */,
				F82873D1235DC80000E4A086 /* entity */,
				F82873D5235DC80000E4A086 /* AbstractService.swift */,
			);
			path = dataservice;
			sourceTree = "<group>";
		};
		F82873D1235DC80000E4A086 /* entity */ = {
			isa = PBXGroup;
			children = (
				F82873D2235DC80000E4A086 /* DynamicData.swift */,
				F82873D3235DC80000E4A086 /* Tags.swift */,
				F82873D4235DC80000E4A086 /* Pulse.swift */,
			);
			path = entity;
			sourceTree = "<group>";
		};
		F82873D6235DC80000E4A086 /* passport */ = {
			isa = PBXGroup;
			children = (
				F82873D7235DC80000E4A086 /* PassportService.swift */,
				F82873D8235DC80000E4A086 /* encipher */,
			);
			path = passport;
			sourceTree = "<group>";
		};
		F82873D8235DC80000E4A086 /* encipher */ = {
			isa = PBXGroup;
			children = (
				F82873D9235DC80000E4A086 /* DefaultEncipher.swift */,
				F82873DA235DC80000E4A086 /* Encipher.swift */,
				F82873DB235DC80000E4A086 /* AppIdEncipher.swift */,
			);
			path = encipher;
			sourceTree = "<group>";
		};
		F82873DC235DC80000E4A086 /* storage */ = {
			isa = PBXGroup;
			children = (
				F82873DD235DC80000E4A086 /* IpfsService.swift */,
				F82873DE235DC80000E4A086 /* StorageMedium.swift */,
			);
			path = storage;
			sourceTree = "<group>";
		};
		F82873DF235DC80000E4A086 /* profile */ = {
			isa = PBXGroup;
			children = (
				F82873E0235DC80000E4A086 /* entity */,
				F82873E3235DC80000E4A086 /* service */,
			);
			path = profile;
			sourceTree = "<group>";
		};
		F82873E0235DC80000E4A086 /* entity */ = {
			isa = PBXGroup;
			children = (
				F82873E1235DC80000E4A086 /* Profile.swift */,
				F82873E2235DC80000E4A086 /* Propertys.swift */,
			);
			path = entity;
			sourceTree = "<group>";
		};
		F82873E3235DC80000E4A086 /* service */ = {
			isa = PBXGroup;
			children = (
				F82873E4235DC80000E4A086 /* ProfileService.swift */,
			);
			path = service;
			sourceTree = "<group>";
		};
		F82873E5235DC80000E4A086 /* wallet */ = {
			isa = PBXGroup;
			children = (
				F82873E6235DC80000E4A086 /* ElaDIDService.swift */,
				F82873E7235DC80000E4A086 /* EthService.swift */,
				F82873E8235DC80000E4A086 /* ElaService.swift */,
				F82873E9235DC80000E4A086 /* EthSideChainWalletService .swift */,
			);
			path = wallet;
			sourceTree = "<group>";
		};
		F82873EA235DC80000E4A086 /* carrier */ = {
			isa = PBXGroup;
			children = (
				F82873EB235DC80000E4A086 /* MessageService.swift */,
				F82873EC235DC80000E4A086 /* GroupService.swift */,
			);
			path = carrier;
			sourceTree = "<group>";
		};
		F82873ED235DC80000E4A086 /* appraiser */ = {
			isa = PBXGroup;
			children = (
				F82873EE235DC80000E4A086 /* AppraiserService.swift */,
				F82873EF235DC80000E4A086 /* Appraiser.swift */,
			);
			path = appraiser;
			sourceTree = "<group>";
		};
		F82873F0235DC80000E4A086 /* merchant */ = {
			isa = PBXGroup;
			children = (
				F82873F1235DC80000E4A086 /* ChargeActivityService.swift */,
				F82873F2235DC80000E4A086 /* MerchantService.swift */,
				F82873F3235DC80000E4A086 /* PledgeActivityService.swift */,
			);
			path = merchant;
			sourceTree = "<group>";
		};
		F82873F4235DC80000E4A086 /* tick */ = {
			isa = PBXGroup;
			children = (
				F82873F5235DC80000E4A086 /* ChargeActivityTrusService.swift */,
				F82873F6235DC80000E4A086 /* TicketService.swift */,
				F82873F7235DC80000E4A086 /* TicketOrderInfo.swift */,
				F82873F8235DC80000E4A086 /* SaleMyTickService.swift */,
				F82873F9235DC80000E4A086 /* TicketTokenInfo.swift */,
				F82873FA235DC80000E4A086 /* TicketContractInfo.swift */,
				F82873FB235DC80000E4A086 /* TicketTrustService.swift */,
				F82873FC235DC80000E4A086 /* PledgeActivityTrusService.swift */,
			);
			path = tick;
			sourceTree = "<group>";
		};
		F9A4A06537CA10B6468373B5 /* Pods */ = {
			isa = PBXGroup;
			children = (
				32CF08E1CC9C3AC4C76FD733 /* Pods-DMASDKV1.debug.xcconfig */,
				410A32CABEAE2AF1640E0A2A /* Pods-DMASDKV1.release.xcconfig */,
			);
			name = Pods;
			sourceTree = "<group>";
		};
/* End PBXGroup section */

/* Begin PBXHeadersBuildPhase section */
		F8125C032314F50700B813DB /* Headers */ = {
			isa = PBXHeadersBuildPhase;
			buildActionMask = 2147483647;
			files = (
				F8125C0D2314F50700B813DB /* DMASDKV1.h in Headers */,
			);
			runOnlyForDeploymentPostprocessing = 0;
		};
/* End PBXHeadersBuildPhase section */

/* Begin PBXNativeTarget section */
		F8125C072314F50700B813DB /* DMASDKV1 */ = {
			isa = PBXNativeTarget;
			buildConfigurationList = F8125C102314F50700B813DB /* Build configuration list for PBXNativeTarget "DMASDKV1" */;
			buildPhases = (
				F2864E94A091A953605B9485 /* [CP] Check Pods Manifest.lock */,
				F8125C032314F50700B813DB /* Headers */,
				F8125C042314F50700B813DB /* Sources */,
				F8125C052314F50700B813DB /* Frameworks */,
				F8125C062314F50700B813DB /* Resources */,
			);
			buildRules = (
			);
			dependencies = (
			);
			name = DMASDKV1;
			productName = DMASDKV1;
			productReference = F8125C082314F50700B813DB /* DMASDKV1.framework */;
			productType = "com.apple.product-type.framework";
		};
/* End PBXNativeTarget section */

/* Begin PBXProject section */
		F8125BFF2314F50700B813DB /* Project object */ = {
			isa = PBXProject;
			attributes = {
				LastUpgradeCheck = 1020;
				ORGANIZATIONNAME = starrymedia;
				TargetAttributes = {
					F8125C072314F50700B813DB = {
						CreatedOnToolsVersion = 10.2.1;
					};
				};
			};
			buildConfigurationList = F8125C022314F50700B813DB /* Build configuration list for PBXProject "DMASDKV1" */;
			compatibilityVersion = "Xcode 9.3";
			developmentRegion = en;
			hasScannedForEncodings = 0;
			knownRegions = (
				en,
			);
			mainGroup = F8125BFE2314F50700B813DB;
			productRefGroup = F8125C092314F50700B813DB /* Products */;
			projectDirPath = "";
			projectRoot = "";
			targets = (
				F8125C072314F50700B813DB /* DMASDKV1 */,
			);
		};
/* End PBXProject section */

/* Begin PBXResourcesBuildPhase section */
		F8125C062314F50700B813DB /* Resources */ = {
			isa = PBXResourcesBuildPhase;
			buildActionMask = 2147483647;
			files = (
				F8287410235DC80000E4A086 /* NFTokenETH.json in Resources */,
				F828740C235DC80000E4A086 /* NFTokenDMA.json in Resources */,
				F8287412235DC80000E4A086 /* ETHPledgeActivity.json in Resources */,
				F8287413235DC80000E4A086 /* NFTokenETHData.json in Resources */,
				F828740B235DC80000E4A086 /* ETHChargeActivityData.json in Resources */,
				F8287411235DC80000E4A086 /* ETHPledgeActivityData.json in Resources */,
				F828740D235DC80000E4A086 /* ETHTransfer.json in Resources */,
				F828740E235DC80000E4A086 /* ETHPlatformData.json in Resources */,
				F828740F235DC80000E4A086 /* ETHPlatform.json in Resources */,
				F828740A235DC80000E4A086 /* ETHChargeActivity.json in Resources */,
			);
			runOnlyForDeploymentPostprocessing = 0;
		};
/* End PBXResourcesBuildPhase section */

/* Begin PBXShellScriptBuildPhase section */
		F2864E94A091A953605B9485 /* [CP] Check Pods Manifest.lock */ = {
			isa = PBXShellScriptBuildPhase;
			buildActionMask = 2147483647;
			files = (
			);
			inputPaths = (
				"${PODS_PODFILE_DIR_PATH}/Podfile.lock",
				"${PODS_ROOT}/Manifest.lock",
			);
			name = "[CP] Check Pods Manifest.lock";
			outputPaths = (
				"$(DERIVED_FILE_DIR)/Pods-DMASDKV1-checkManifestLockResult.txt",
			);
			runOnlyForDeploymentPostprocessing = 0;
			shellPath = /bin/sh;
			shellScript = "diff \"${PODS_PODFILE_DIR_PATH}/Podfile.lock\" \"${PODS_ROOT}/Manifest.lock\" > /dev/null\nif [ $? != 0 ] ; then\n    # print error to STDERR\n    echo \"error: The sandbox is not in sync with the Podfile.lock. Run 'pod install' or update your CocoaPods installation.\" >&2\n    exit 1\nfi\n# This output is used by Xcode 'outputs' to avoid re-running this script phase.\necho \"SUCCESS\" > \"${SCRIPT_OUTPUT_FILE_0}\"\n";
			showEnvVarsInLog = 0;
		};
/* End PBXShellScriptBuildPhase section */

/* Begin PBXSourcesBuildPhase section */
		F8125C042314F50700B813DB /* Sources */ = {
			isa = PBXSourcesBuildPhase;
			buildActionMask = 2147483647;
			files = (
				F8287444235DC80000E4A086 /* TicketOrderInfo.swift in Sources */,
				F8287404235DC80000E4A086 /* Web3Util.swift in Sources */,
				F8287417235DC80000E4A086 /* NetworkReachabilityManager.swift in Sources */,
				F8287407235DC80000E4A086 /* ContractMethodHelper.swift in Sources */,
				F8287445235DC80000E4A086 /* SaleMyTickService.swift in Sources */,
				F8287434235DC80000E4A086 /* Profile.swift in Sources */,
				F828742C235DC80000E4A086 /* Pulse.swift in Sources */,
				F8287438235DC80000E4A086 /* EthService.swift in Sources */,
				F8287448235DC80000E4A086 /* TicketTrustService.swift in Sources */,
				F8287419235DC80000E4A086 /* Token20Service.swift in Sources */,
				F8287423235DC80000E4A086 /* Direction.swift in Sources */,
				F8287441235DC80000E4A086 /* PledgeActivityService.swift in Sources */,
				F828743A235DC80000E4A086 /* EthSideChainWalletService .swift in Sources */,
				F8287433235DC80000E4A086 /* StorageMedium.swift in Sources */,
				F828743B235DC80000E4A086 /* MessageService.swift in Sources */,
				F828741B235DC80000E4A086 /* AssetManagementService.swift in Sources */,
				F828742B235DC80000E4A086 /* Tags.swift in Sources */,
				F828742F235DC80000E4A086 /* DefaultEncipher.swift in Sources */,
				F8287408235DC80000E4A086 /* ElaDID.swift in Sources */,
				F8287418235DC80000E4A086 /* MessageBase.swift in Sources */,
				F8287439235DC80000E4A086 /* ElaService.swift in Sources */,
				F82873FE235DC80000E4A086 /* PlatformContract.swift in Sources */,
				F8287409235DC80000E4A086 /* IpfsStorage.swift in Sources */,
				F8287422235DC80000E4A086 /* PayMethod.swift in Sources */,
				F828741A235DC80000E4A086 /* Token721Service.swift in Sources */,
				F8287436235DC80000E4A086 /* ProfileService.swift in Sources */,
				F8287403235DC80000E4A086 /* String+Extension.swift in Sources */,
				F8287425235DC80000E4A086 /* ParserResult.swift in Sources */,
				F8287430235DC80000E4A086 /* Encipher.swift in Sources */,
				F828741C235DC80000E4A086 /* MerchantServiceConfig.swift in Sources */,
				F8287432235DC80000E4A086 /* IpfsService.swift in Sources */,
				F8287440235DC80000E4A086 /* MerchantService.swift in Sources */,
				F828742A235DC80000E4A086 /* DynamicData.swift in Sources */,
				F8287405235DC80000E4A086 /* DMAHttpUtil.swift in Sources */,
				F8287446235DC80000E4A086 /* TicketTokenInfo.swift in Sources */,
				F8287415235DC80000E4A086 /* ElaWallet.swift in Sources */,
				F828743F235DC80000E4A086 /* ChargeActivityService.swift in Sources */,
				F8287402235DC80000E4A086 /* DMACommon.swift in Sources */,
				F8287416235DC80000E4A086 /* GroupHelper.swift in Sources */,
				F8287421235DC80000E4A086 /* PaymentService.swift in Sources */,
				F8287426235DC80000E4A086 /* Parser.swift in Sources */,
				F828741D235DC80000E4A086 /* PaymentConfig.swift in Sources */,
				F82873FF235DC80000E4A086 /* ChargeActivityContract.swift in Sources */,
				F828744B235DC8EB00E4A086 /* NSMutableDictionary+Extension.swift in Sources */,
				F8287427235DC80000E4A086 /* PulseService.swift in Sources */,
				F828743C235DC80000E4A086 /* GroupService.swift in Sources */,
				F8287435235DC80000E4A086 /* Propertys.swift in Sources */,
				F8287420235DC80000E4A086 /* RechargeStatus.swift in Sources */,
				F82873FD235DC80000E4A086 /* TokenContract.swift in Sources */,
				F828743E235DC80000E4A086 /* Appraiser.swift in Sources */,
				F828742E235DC80000E4A086 /* PassportService.swift in Sources */,
				F8287431235DC80000E4A086 /* AppIdEncipher.swift in Sources */,
				F828742D235DC80000E4A086 /* AbstractService.swift in Sources */,
				F8287424235DC80000E4A086 /* RequestBody.swift in Sources */,
				F8287401235DC80000E4A086 /* AssetManagement.swift in Sources */,
				F8287429235DC80000E4A086 /* ResponseBody.swift in Sources */,
				F8287406235DC80000E4A086 /* DeployHelper.swift in Sources */,
				F8287442235DC80000E4A086 /* ChargeActivityTrusService.swift in Sources */,
				F8287449235DC80000E4A086 /* PledgeActivityTrusService.swift in Sources */,
				F828743D235DC80000E4A086 /* AppraiserService.swift in Sources */,
				F8287414235DC80000E4A086 /* EthWallet.swift in Sources */,
				F8287447235DC80000E4A086 /* TicketContractInfo.swift in Sources */,
				F8287400235DC80000E4A086 /* PledgeActivityContract.swift in Sources */,
				F8287443235DC80000E4A086 /* TicketService.swift in Sources */,
				F828741F235DC80000E4A086 /* DMAEnum.swift in Sources */,
				F828741E235DC80000E4A086 /* ErrorCode.swift in Sources */,
				F8287437235DC80000E4A086 /* ElaDIDService.swift in Sources */,
				F8287428235DC80000E4A086 /* DataService.swift in Sources */,
			);
			runOnlyForDeploymentPostprocessing = 0;
		};
/* End PBXSourcesBuildPhase section */

/* Begin XCBuildConfiguration section */
		F8125C0E2314F50700B813DB /* Debug */ = {
			isa = XCBuildConfiguration;
			buildSettings = {
				ALWAYS_SEARCH_USER_PATHS = NO;
				CLANG_ANALYZER_NONNULL = YES;
				CLANG_ANALYZER_NUMBER_OBJECT_CONVERSION = YES_AGGRESSIVE;
				CLANG_CXX_LANGUAGE_STANDARD = "gnu++14";
				CLANG_CXX_LIBRARY = "libc++";
				CLANG_ENABLE_MODULES = YES;
				CLANG_ENABLE_OBJC_ARC = YES;
				CLANG_ENABLE_OBJC_WEAK = YES;
				CLANG_WARN_BLOCK_CAPTURE_AUTORELEASING = YES;
				CLANG_WARN_BOOL_CONVERSION = YES;
				CLANG_WARN_COMMA = YES;
				CLANG_WARN_CONSTANT_CONVERSION = YES;
				CLANG_WARN_DEPRECATED_OBJC_IMPLEMENTATIONS = YES;
				CLANG_WARN_DIRECT_OBJC_ISA_USAGE = YES_ERROR;
				CLANG_WARN_DOCUMENTATION_COMMENTS = YES;
				CLANG_WARN_EMPTY_BODY = YES;
				CLANG_WARN_ENUM_CONVERSION = YES;
				CLANG_WARN_INFINITE_RECURSION = YES;
				CLANG_WARN_INT_CONVERSION = YES;
				CLANG_WARN_NON_LITERAL_NULL_CONVERSION = YES;
				CLANG_WARN_OBJC_IMPLICIT_RETAIN_SELF = YES;
				CLANG_WARN_OBJC_LITERAL_CONVERSION = YES;
				CLANG_WARN_OBJC_ROOT_CLASS = YES_ERROR;
				CLANG_WARN_RANGE_LOOP_ANALYSIS = YES;
				CLANG_WARN_STRICT_PROTOTYPES = YES;
				CLANG_WARN_SUSPICIOUS_MOVE = YES;
				CLANG_WARN_UNGUARDED_AVAILABILITY = YES_AGGRESSIVE;
				CLANG_WARN_UNREACHABLE_CODE = YES;
				CLANG_WARN__DUPLICATE_METHOD_MATCH = YES;
				CODE_SIGN_IDENTITY = "iPhone Developer";
				COPY_PHASE_STRIP = NO;
				CURRENT_PROJECT_VERSION = 1;
				DEBUG_INFORMATION_FORMAT = dwarf;
				ENABLE_STRICT_OBJC_MSGSEND = YES;
				ENABLE_TESTABILITY = YES;
				GCC_C_LANGUAGE_STANDARD = gnu11;
				GCC_DYNAMIC_NO_PIC = NO;
				GCC_NO_COMMON_BLOCKS = YES;
				GCC_OPTIMIZATION_LEVEL = 0;
				GCC_PREPROCESSOR_DEFINITIONS = (
					"DEBUG=1",
					"$(inherited)",
				);
				GCC_WARN_64_TO_32_BIT_CONVERSION = YES;
				GCC_WARN_ABOUT_RETURN_TYPE = YES_ERROR;
				GCC_WARN_UNDECLARED_SELECTOR = YES;
				GCC_WARN_UNINITIALIZED_AUTOS = YES_AGGRESSIVE;
				GCC_WARN_UNUSED_FUNCTION = YES;
				GCC_WARN_UNUSED_VARIABLE = YES;
				IPHONEOS_DEPLOYMENT_TARGET = 12.2;
				MTL_ENABLE_DEBUG_INFO = INCLUDE_SOURCE;
				MTL_FAST_MATH = YES;
				ONLY_ACTIVE_ARCH = YES;
				SDKROOT = iphoneos;
				SWIFT_ACTIVE_COMPILATION_CONDITIONS = DEBUG;
				SWIFT_OPTIMIZATION_LEVEL = "-Onone";
				VERSIONING_SYSTEM = "apple-generic";
				VERSION_INFO_PREFIX = "";
			};
			name = Debug;
		};
		F8125C0F2314F50700B813DB /* Release */ = {
			isa = XCBuildConfiguration;
			buildSettings = {
				ALWAYS_SEARCH_USER_PATHS = NO;
				CLANG_ANALYZER_NONNULL = YES;
				CLANG_ANALYZER_NUMBER_OBJECT_CONVERSION = YES_AGGRESSIVE;
				CLANG_CXX_LANGUAGE_STANDARD = "gnu++14";
				CLANG_CXX_LIBRARY = "libc++";
				CLANG_ENABLE_MODULES = YES;
				CLANG_ENABLE_OBJC_ARC = YES;
				CLANG_ENABLE_OBJC_WEAK = YES;
				CLANG_WARN_BLOCK_CAPTURE_AUTORELEASING = YES;
				CLANG_WARN_BOOL_CONVERSION = YES;
				CLANG_WARN_COMMA = YES;
				CLANG_WARN_CONSTANT_CONVERSION = YES;
				CLANG_WARN_DEPRECATED_OBJC_IMPLEMENTATIONS = YES;
				CLANG_WARN_DIRECT_OBJC_ISA_USAGE = YES_ERROR;
				CLANG_WARN_DOCUMENTATION_COMMENTS = YES;
				CLANG_WARN_EMPTY_BODY = YES;
				CLANG_WARN_ENUM_CONVERSION = YES;
				CLANG_WARN_INFINITE_RECURSION = YES;
				CLANG_WARN_INT_CONVERSION = YES;
				CLANG_WARN_NON_LITERAL_NULL_CONVERSION = YES;
				CLANG_WARN_OBJC_IMPLICIT_RETAIN_SELF = YES;
				CLANG_WARN_OBJC_LITERAL_CONVERSION = YES;
				CLANG_WARN_OBJC_ROOT_CLASS = YES_ERROR;
				CLANG_WARN_RANGE_LOOP_ANALYSIS = YES;
				CLANG_WARN_STRICT_PROTOTYPES = YES;
				CLANG_WARN_SUSPICIOUS_MOVE = YES;
				CLANG_WARN_UNGUARDED_AVAILABILITY = YES_AGGRESSIVE;
				CLANG_WARN_UNREACHABLE_CODE = YES;
				CLANG_WARN__DUPLICATE_METHOD_MATCH = YES;
				CODE_SIGN_IDENTITY = "iPhone Developer";
				COPY_PHASE_STRIP = NO;
				CURRENT_PROJECT_VERSION = 1;
				DEBUG_INFORMATION_FORMAT = "dwarf-with-dsym";
				ENABLE_NS_ASSERTIONS = NO;
				ENABLE_STRICT_OBJC_MSGSEND = YES;
				GCC_C_LANGUAGE_STANDARD = gnu11;
				GCC_NO_COMMON_BLOCKS = YES;
				GCC_WARN_64_TO_32_BIT_CONVERSION = YES;
				GCC_WARN_ABOUT_RETURN_TYPE = YES_ERROR;
				GCC_WARN_UNDECLARED_SELECTOR = YES;
				GCC_WARN_UNINITIALIZED_AUTOS = YES_AGGRESSIVE;
				GCC_WARN_UNUSED_FUNCTION = YES;
				GCC_WARN_UNUSED_VARIABLE = YES;
				IPHONEOS_DEPLOYMENT_TARGET = 12.2;
				MTL_ENABLE_DEBUG_INFO = NO;
				MTL_FAST_MATH = YES;
				SDKROOT = iphoneos;
				SWIFT_COMPILATION_MODE = wholemodule;
				SWIFT_OPTIMIZATION_LEVEL = "-O";
				VALIDATE_PRODUCT = YES;
				VERSIONING_SYSTEM = "apple-generic";
				VERSION_INFO_PREFIX = "";
			};
			name = Release;
		};
		F8125C112314F50700B813DB /* Debug */ = {
			isa = XCBuildConfiguration;
			baseConfigurationReference = 32CF08E1CC9C3AC4C76FD733 /* Pods-DMASDKV1.debug.xcconfig */;
			buildSettings = {
				CODE_SIGN_IDENTITY = "";
				CODE_SIGN_STYLE = Automatic;
				DEFINES_MODULE = YES;
				DEVELOPMENT_TEAM = 75EYP2YGJW;
				DYLIB_COMPATIBILITY_VERSION = 1;
				DYLIB_CURRENT_VERSION = 1;
				DYLIB_INSTALL_NAME_BASE = "@rpath";
				ENABLE_BITCODE = NO;
				FRAMEWORK_SEARCH_PATHS = (
					"$(inherited)",
					"$(PROJECT_DIR)/DMASDKV1/SDK",
					"$(PROJECT_DIR)/Carthage/Build/iOS",
				);
				INFOPLIST_FILE = DMASDKV1/Info.plist;
				INSTALL_PATH = "$(LOCAL_LIBRARY_DIR)/Frameworks";
				IPHONEOS_DEPLOYMENT_TARGET = 12.0;
				LD_RUNPATH_SEARCH_PATHS = (
					"$(inherited)",
					"@executable_path/Frameworks",
					"@loader_path/Frameworks",
				);
				PRODUCT_BUNDLE_IDENTIFIER = starrymedia.DMASDKV1;
				PRODUCT_NAME = "$(TARGET_NAME:c99extidentifier)";
				SKIP_INSTALL = YES;
				SWIFT_VERSION = 5.0;
				TARGETED_DEVICE_FAMILY = "1,2";
			};
			name = Debug;
		};
		F8125C122314F50700B813DB /* Release */ = {
			isa = XCBuildConfiguration;
			baseConfigurationReference = 410A32CABEAE2AF1640E0A2A /* Pods-DMASDKV1.release.xcconfig */;
			buildSettings = {
				CODE_SIGN_IDENTITY = "";
				CODE_SIGN_STYLE = Automatic;
				DEFINES_MODULE = YES;
				DEVELOPMENT_TEAM = 75EYP2YGJW;
				DYLIB_COMPATIBILITY_VERSION = 1;
				DYLIB_CURRENT_VERSION = 1;
				DYLIB_INSTALL_NAME_BASE = "@rpath";
				ENABLE_BITCODE = NO;
				FRAMEWORK_SEARCH_PATHS = (
					"$(inherited)",
					"$(PROJECT_DIR)/DMASDKV1/SDK",
					"$(PROJECT_DIR)/Carthage/Build/iOS",
				);
				INFOPLIST_FILE = DMASDKV1/Info.plist;
				INSTALL_PATH = "$(LOCAL_LIBRARY_DIR)/Frameworks";
				IPHONEOS_DEPLOYMENT_TARGET = 12.0;
				LD_RUNPATH_SEARCH_PATHS = (
					"$(inherited)",
					"@executable_path/Frameworks",
					"@loader_path/Frameworks",
				);
				PRODUCT_BUNDLE_IDENTIFIER = starrymedia.DMASDKV1;
				PRODUCT_NAME = "$(TARGET_NAME:c99extidentifier)";
				SKIP_INSTALL = YES;
				SWIFT_VERSION = 5.0;
				TARGETED_DEVICE_FAMILY = "1,2";
			};
			name = Release;
		};
/* End XCBuildConfiguration section */

/* Begin XCConfigurationList section */
		F8125C022314F50700B813DB /* Build configuration list for PBXProject "DMASDKV1" */ = {
			isa = XCConfigurationList;
			buildConfigurations = (
				F8125C0E2314F50700B813DB /* Debug */,
				F8125C0F2314F50700B813DB /* Release */,
			);
			defaultConfigurationIsVisible = 0;
			defaultConfigurationName = Release;
		};
		F8125C102314F50700B813DB /* Build configuration list for PBXNativeTarget "DMASDKV1" */ = {
			isa = XCConfigurationList;
			buildConfigurations = (
				F8125C112314F50700B813DB /* Debug */,
				F8125C122314F50700B813DB /* Release */,
			);
			defaultConfigurationIsVisible = 0;
			defaultConfigurationName = Release;
		};
/* End XCConfigurationList section */
	};
	rootObject = F8125BFF2314F50700B813DB /* Project object */;
}
